// !$*UTF8*$!
{
	archiveVersion = 1;
	classes = {
	};
	objectVersion = 56;
	objects = {

/* Begin PBXBuildFile section */
		B994BB0F29617EC9005E993D /* AddReviewResult.swift in Sources */ = {isa = PBXBuildFile; fileRef = B994BB0E29617EC9005E993D /* AddReviewResult.swift */; };
		B994BB1929617F85005E993D /* ApproveReviewResult.swift in Sources */ = {isa = PBXBuildFile; fileRef = B994BB1829617F85005E993D /* ApproveReviewResult.swift */; };
		B994BB232961820F005E993D /* ReviewRequestFactory.swift in Sources */ = {isa = PBXBuildFile; fileRef = B994BB222961820F005E993D /* ReviewRequestFactory.swift */; };
		B994BB2529634FA6005E993D /* Review.swift in Sources */ = {isa = PBXBuildFile; fileRef = B994BB2429634FA6005E993D /* Review.swift */; };
		B994BB2729635054005E993D /* RemoveReviewResult.swift in Sources */ = {isa = PBXBuildFile; fileRef = B994BB2629635054005E993D /* RemoveReviewResult.swift */; };
		B994BB29296351D8005E993D /* Reviews.swift in Sources */ = {isa = PBXBuildFile; fileRef = B994BB28296351D8005E993D /* Reviews.swift */; };
		B99F4602295D9B7A00FC61E3 /* ResponseCodableTests.swift in Sources */ = {isa = PBXBuildFile; fileRef = B99F4601295D9B7A00FC61E3 /* ResponseCodableTests.swift */; };
		B99F4605295DB45D00FC61E3 /* ProductResult.swift in Sources */ = {isa = PBXBuildFile; fileRef = B99F4604295DB45D00FC61E3 /* ProductResult.swift */; };
		B99F460F295DB68100FC61E3 /* CatalogDataResult.swift in Sources */ = {isa = PBXBuildFile; fileRef = B99F460E295DB68100FC61E3 /* CatalogDataResult.swift */; };
		B99F4611295DB71400FC61E3 /* ProductRequestFactory.swift in Sources */ = {isa = PBXBuildFile; fileRef = B99F4610295DB71400FC61E3 /* ProductRequestFactory.swift */; };
		B99F4613295DBC2A00FC61E3 /* Products.swift in Sources */ = {isa = PBXBuildFile; fileRef = B99F4612295DBC2A00FC61E3 /* Products.swift */; };
		B99F4615295DD40800FC61E3 /* ViewController.swift in Sources */ = {isa = PBXBuildFile; fileRef = B99F4614295DD40800FC61E3 /* ViewController.swift */; };
		B9AB10322951FE8900A6053B /* AppDelegate.swift in Sources */ = {isa = PBXBuildFile; fileRef = B9AB10312951FE8900A6053B /* AppDelegate.swift */; };
		B9AB10342951FE8900A6053B /* SceneDelegate.swift in Sources */ = {isa = PBXBuildFile; fileRef = B9AB10332951FE8900A6053B /* SceneDelegate.swift */; };
		B9AB103B2951FE9100A6053B /* Assets.xcassets in Resources */ = {isa = PBXBuildFile; fileRef = B9AB103A2951FE9100A6053B /* Assets.xcassets */; };
		B9AB103E2951FE9100A6053B /* LaunchScreen.storyboard in Resources */ = {isa = PBXBuildFile; fileRef = B9AB103C2951FE9100A6053B /* LaunchScreen.storyboard */; };
		B9AB10492951FE9200A6053B /* GBShopTests.swift in Sources */ = {isa = PBXBuildFile; fileRef = B9AB10482951FE9200A6053B /* GBShopTests.swift */; };
		B9AB10532951FE9200A6053B /* GBShopUITests.swift in Sources */ = {isa = PBXBuildFile; fileRef = B9AB10522951FE9200A6053B /* GBShopUITests.swift */; };
		B9AB10552951FE9200A6053B /* GBShopUITestsLaunchTests.swift in Sources */ = {isa = PBXBuildFile; fileRef = B9AB10542951FE9200A6053B /* GBShopUITestsLaunchTests.swift */; };
		B9E264922959B87B0051EC27 /* ErrorParser.swift in Sources */ = {isa = PBXBuildFile; fileRef = B9E264912959B87B0051EC27 /* ErrorParser.swift */; };
		B9E264942959B8DF0051EC27 /* AbstractErrorParser.swift in Sources */ = {isa = PBXBuildFile; fileRef = B9E264932959B8DF0051EC27 /* AbstractErrorParser.swift */; };
		B9E264962959B94F0051EC27 /* DataRequest.swift in Sources */ = {isa = PBXBuildFile; fileRef = B9E264952959B94F0051EC27 /* DataRequest.swift */; };
		B9E264BC2959BDD30051EC27 /* Alamofire.framework in Frameworks */ = {isa = PBXBuildFile; fileRef = B9E264AC2959BCF90051EC27 /* Alamofire.framework */; };
		B9E264BD2959BDD30051EC27 /* Alamofire.framework in Embed Frameworks */ = {isa = PBXBuildFile; fileRef = B9E264AC2959BCF90051EC27 /* Alamofire.framework */; settings = {ATTRIBUTES = (CodeSignOnCopy, RemoveHeadersOnCopy, ); }; };
		B9E264C02959C3E20051EC27 /* RequestRouter.swift in Sources */ = {isa = PBXBuildFile; fileRef = B9E264BF2959C3E20051EC27 /* RequestRouter.swift */; };
		B9E264C22959C5370051EC27 /* LoginResult.swift in Sources */ = {isa = PBXBuildFile; fileRef = B9E264C12959C5370051EC27 /* LoginResult.swift */; };
		B9E264C42959C54F0051EC27 /* User.swift in Sources */ = {isa = PBXBuildFile; fileRef = B9E264C32959C54F0051EC27 /* User.swift */; };
		B9E264C72959C6F00051EC27 /* AuthRequestFactory.swift in Sources */ = {isa = PBXBuildFile; fileRef = B9E264C62959C6F00051EC27 /* AuthRequestFactory.swift */; };
		B9E264C92959C7920051EC27 /* Auth.swift in Sources */ = {isa = PBXBuildFile; fileRef = B9E264C82959C7920051EC27 /* Auth.swift */; };
		B9E264CB2959C9730051EC27 /* RequestFactory.swift in Sources */ = {isa = PBXBuildFile; fileRef = B9E264CA2959C9730051EC27 /* RequestFactory.swift */; };
		B9E264CD2959D1800051EC27 /* AbstractRequestFactory.swift in Sources */ = {isa = PBXBuildFile; fileRef = B9E264CC2959D1800051EC27 /* AbstractRequestFactory.swift */; };
		B9E264CF2959D33F0051EC27 /* LogoutResult.swift in Sources */ = {isa = PBXBuildFile; fileRef = B9E264CE2959D33F0051EC27 /* LogoutResult.swift */; };
		B9E264D12959D3A90051EC27 /* ChangeUserDataResult.swift in Sources */ = {isa = PBXBuildFile; fileRef = B9E264D02959D3A90051EC27 /* ChangeUserDataResult.swift */; };
		B9E264D32959D43F0051EC27 /* RegisterUserResult.swift in Sources */ = {isa = PBXBuildFile; fileRef = B9E264D22959D43E0051EC27 /* RegisterUserResult.swift */; };
		B9E264D52959D9C00051EC27 /* RegisterRequestFactory.swift in Sources */ = {isa = PBXBuildFile; fileRef = B9E264D42959D9C00051EC27 /* RegisterRequestFactory.swift */; };
		B9E264D72959DED00051EC27 /* Register.swift in Sources */ = {isa = PBXBuildFile; fileRef = B9E264D62959DED00051EC27 /* Register.swift */; };
		B9E264D92959E1BB0051EC27 /* ChangeUserData.swift in Sources */ = {isa = PBXBuildFile; fileRef = B9E264D82959E1BB0051EC27 /* ChangeUserData.swift */; };
		B9E264DB2959E2050051EC27 /* ChangeUserDataRequestFactory.swift in Sources */ = {isa = PBXBuildFile; fileRef = B9E264DA2959E2050051EC27 /* ChangeUserDataRequestFactory.swift */; };
/* End PBXBuildFile section */

/* Begin PBXContainerItemProxy section */
		B9AB10452951FE9200A6053B /* PBXContainerItemProxy */ = {
			isa = PBXContainerItemProxy;
			containerPortal = B9AB10262951FE8800A6053B /* Project object */;
			proxyType = 1;
			remoteGlobalIDString = B9AB102D2951FE8900A6053B;
			remoteInfo = GBShop;
		};
		B9AB104F2951FE9200A6053B /* PBXContainerItemProxy */ = {
			isa = PBXContainerItemProxy;
			containerPortal = B9AB10262951FE8800A6053B /* Project object */;
			proxyType = 1;
			remoteGlobalIDString = B9AB102D2951FE8900A6053B;
			remoteInfo = GBShop;
		};
		B9E264AB2959BCF90051EC27 /* PBXContainerItemProxy */ = {
			isa = PBXContainerItemProxy;
			containerPortal = B9E264A02959BCF80051EC27 /* Alamofire.xcodeproj */;
			proxyType = 2;
			remoteGlobalIDString = F8111E3319A95C8B0040E7D1;
			remoteInfo = "Alamofire iOS";
		};
		B9E264AD2959BCF90051EC27 /* PBXContainerItemProxy */ = {
			isa = PBXContainerItemProxy;
			containerPortal = B9E264A02959BCF80051EC27 /* Alamofire.xcodeproj */;
			proxyType = 2;
			remoteGlobalIDString = F8111E3E19A95C8B0040E7D1;
			remoteInfo = "Alamofire iOS Tests";
		};
		B9E264AF2959BCF90051EC27 /* PBXContainerItemProxy */ = {
			isa = PBXContainerItemProxy;
			containerPortal = B9E264A02959BCF80051EC27 /* Alamofire.xcodeproj */;
			proxyType = 2;
			remoteGlobalIDString = 4DD67C0B1A5C55C900ED2280;
			remoteInfo = "Alamofire macOS";
		};
		B9E264B12959BCF90051EC27 /* PBXContainerItemProxy */ = {
			isa = PBXContainerItemProxy;
			containerPortal = B9E264A02959BCF80051EC27 /* Alamofire.xcodeproj */;
			proxyType = 2;
			remoteGlobalIDString = F829C6B21A7A94F100A2CD59;
			remoteInfo = "Alamofire macOS Tests";
		};
		B9E264B32959BCF90051EC27 /* PBXContainerItemProxy */ = {
			isa = PBXContainerItemProxy;
			containerPortal = B9E264A02959BCF80051EC27 /* Alamofire.xcodeproj */;
			proxyType = 2;
			remoteGlobalIDString = 4CF626EF1BA7CB3E0011A099;
			remoteInfo = "Alamofire tvOS";
		};
		B9E264B52959BCF90051EC27 /* PBXContainerItemProxy */ = {
			isa = PBXContainerItemProxy;
			containerPortal = B9E264A02959BCF80051EC27 /* Alamofire.xcodeproj */;
			proxyType = 2;
			remoteGlobalIDString = 4CF626F81BA7CB3E0011A099;
			remoteInfo = "Alamofire tvOS Tests";
		};
		B9E264B72959BCF90051EC27 /* PBXContainerItemProxy */ = {
			isa = PBXContainerItemProxy;
			containerPortal = B9E264A02959BCF80051EC27 /* Alamofire.xcodeproj */;
			proxyType = 2;
			remoteGlobalIDString = E4202FE01B667AA100C997FB;
			remoteInfo = "Alamofire watchOS";
		};
		B9E264B92959BCF90051EC27 /* PBXContainerItemProxy */ = {
			isa = PBXContainerItemProxy;
			containerPortal = B9E264A02959BCF80051EC27 /* Alamofire.xcodeproj */;
			proxyType = 2;
			remoteGlobalIDString = 31293065263E17D600473CEA;
			remoteInfo = "Alamofire watchOS Tests";
		};
/* End PBXContainerItemProxy section */

/* Begin PBXCopyFilesBuildPhase section */
		B9E264BE2959BDD30051EC27 /* Embed Frameworks */ = {
			isa = PBXCopyFilesBuildPhase;
			buildActionMask = 2147483647;
			dstPath = "";
			dstSubfolderSpec = 10;
			files = (
				B9E264BD2959BDD30051EC27 /* Alamofire.framework in Embed Frameworks */,
			);
			name = "Embed Frameworks";
			runOnlyForDeploymentPostprocessing = 0;
		};
/* End PBXCopyFilesBuildPhase section */

/* Begin PBXFileReference section */
		B994BB0E29617EC9005E993D /* AddReviewResult.swift */ = {isa = PBXFileReference; lastKnownFileType = sourcecode.swift; path = AddReviewResult.swift; sourceTree = "<group>"; };
		B994BB1829617F85005E993D /* ApproveReviewResult.swift */ = {isa = PBXFileReference; lastKnownFileType = sourcecode.swift; path = ApproveReviewResult.swift; sourceTree = "<group>"; };
		B994BB222961820F005E993D /* ReviewRequestFactory.swift */ = {isa = PBXFileReference; lastKnownFileType = sourcecode.swift; path = ReviewRequestFactory.swift; sourceTree = "<group>"; };
		B994BB2429634FA6005E993D /* Review.swift */ = {isa = PBXFileReference; lastKnownFileType = sourcecode.swift; path = Review.swift; sourceTree = "<group>"; };
		B994BB2629635054005E993D /* RemoveReviewResult.swift */ = {isa = PBXFileReference; lastKnownFileType = sourcecode.swift; path = RemoveReviewResult.swift; sourceTree = "<group>"; };
		B994BB28296351D8005E993D /* Reviews.swift */ = {isa = PBXFileReference; lastKnownFileType = sourcecode.swift; path = Reviews.swift; sourceTree = "<group>"; };
		B99F4601295D9B7A00FC61E3 /* ResponseCodableTests.swift */ = {isa = PBXFileReference; lastKnownFileType = sourcecode.swift; path = ResponseCodableTests.swift; sourceTree = "<group>"; };
		B99F4604295DB45D00FC61E3 /* ProductResult.swift */ = {isa = PBXFileReference; lastKnownFileType = sourcecode.swift; path = ProductResult.swift; sourceTree = "<group>"; };
		B99F460E295DB68100FC61E3 /* CatalogDataResult.swift */ = {isa = PBXFileReference; lastKnownFileType = sourcecode.swift; path = CatalogDataResult.swift; sourceTree = "<group>"; };
		B99F4610295DB71400FC61E3 /* ProductRequestFactory.swift */ = {isa = PBXFileReference; lastKnownFileType = sourcecode.swift; path = ProductRequestFactory.swift; sourceTree = "<group>"; };
		B99F4612295DBC2A00FC61E3 /* Products.swift */ = {isa = PBXFileReference; lastKnownFileType = sourcecode.swift; path = Products.swift; sourceTree = "<group>"; };
		B99F4614295DD40800FC61E3 /* ViewController.swift */ = {isa = PBXFileReference; lastKnownFileType = sourcecode.swift; path = ViewController.swift; sourceTree = "<group>"; };
		B9AB102E2951FE8900A6053B /* GBShop.app */ = {isa = PBXFileReference; explicitFileType = wrapper.application; includeInIndex = 0; path = GBShop.app; sourceTree = BUILT_PRODUCTS_DIR; };
		B9AB10312951FE8900A6053B /* AppDelegate.swift */ = {isa = PBXFileReference; lastKnownFileType = sourcecode.swift; path = AppDelegate.swift; sourceTree = "<group>"; };
		B9AB10332951FE8900A6053B /* SceneDelegate.swift */ = {isa = PBXFileReference; lastKnownFileType = sourcecode.swift; path = SceneDelegate.swift; sourceTree = "<group>"; };
		B9AB103A2951FE9100A6053B /* Assets.xcassets */ = {isa = PBXFileReference; lastKnownFileType = folder.assetcatalog; path = Assets.xcassets; sourceTree = "<group>"; };
		B9AB103D2951FE9100A6053B /* Base */ = {isa = PBXFileReference; lastKnownFileType = file.storyboard; name = Base; path = Base.lproj/LaunchScreen.storyboard; sourceTree = "<group>"; };
		B9AB103F2951FE9100A6053B /* Info.plist */ = {isa = PBXFileReference; lastKnownFileType = text.plist.xml; path = Info.plist; sourceTree = "<group>"; };
		B9AB10442951FE9200A6053B /* GBShopTests.xctest */ = {isa = PBXFileReference; explicitFileType = wrapper.cfbundle; includeInIndex = 0; path = GBShopTests.xctest; sourceTree = BUILT_PRODUCTS_DIR; };
		B9AB10482951FE9200A6053B /* GBShopTests.swift */ = {isa = PBXFileReference; lastKnownFileType = sourcecode.swift; path = GBShopTests.swift; sourceTree = "<group>"; };
		B9AB104E2951FE9200A6053B /* GBShopUITests.xctest */ = {isa = PBXFileReference; explicitFileType = wrapper.cfbundle; includeInIndex = 0; path = GBShopUITests.xctest; sourceTree = BUILT_PRODUCTS_DIR; };
		B9AB10522951FE9200A6053B /* GBShopUITests.swift */ = {isa = PBXFileReference; lastKnownFileType = sourcecode.swift; path = GBShopUITests.swift; sourceTree = "<group>"; };
		B9AB10542951FE9200A6053B /* GBShopUITestsLaunchTests.swift */ = {isa = PBXFileReference; lastKnownFileType = sourcecode.swift; path = GBShopUITestsLaunchTests.swift; sourceTree = "<group>"; };
		B9E264912959B87B0051EC27 /* ErrorParser.swift */ = {isa = PBXFileReference; lastKnownFileType = sourcecode.swift; path = ErrorParser.swift; sourceTree = "<group>"; };
		B9E264932959B8DF0051EC27 /* AbstractErrorParser.swift */ = {isa = PBXFileReference; lastKnownFileType = sourcecode.swift; path = AbstractErrorParser.swift; sourceTree = "<group>"; };
		B9E264952959B94F0051EC27 /* DataRequest.swift */ = {isa = PBXFileReference; lastKnownFileType = sourcecode.swift; path = DataRequest.swift; sourceTree = "<group>"; };
		B9E264A02959BCF80051EC27 /* Alamofire.xcodeproj */ = {isa = PBXFileReference; lastKnownFileType = "wrapper.pb-project"; name = Alamofire.xcodeproj; path = "Alamofire-master/Alamofire.xcodeproj"; sourceTree = "<group>"; };
		B9E264BF2959C3E20051EC27 /* RequestRouter.swift */ = {isa = PBXFileReference; lastKnownFileType = sourcecode.swift; path = RequestRouter.swift; sourceTree = "<group>"; };
		B9E264C12959C5370051EC27 /* LoginResult.swift */ = {isa = PBXFileReference; lastKnownFileType = sourcecode.swift; path = LoginResult.swift; sourceTree = "<group>"; };
		B9E264C32959C54F0051EC27 /* User.swift */ = {isa = PBXFileReference; lastKnownFileType = sourcecode.swift; path = User.swift; sourceTree = "<group>"; };
		B9E264C62959C6F00051EC27 /* AuthRequestFactory.swift */ = {isa = PBXFileReference; lastKnownFileType = sourcecode.swift; path = AuthRequestFactory.swift; sourceTree = "<group>"; };
		B9E264C82959C7920051EC27 /* Auth.swift */ = {isa = PBXFileReference; lastKnownFileType = sourcecode.swift; path = Auth.swift; sourceTree = "<group>"; };
		B9E264CA2959C9730051EC27 /* RequestFactory.swift */ = {isa = PBXFileReference; lastKnownFileType = sourcecode.swift; path = RequestFactory.swift; sourceTree = "<group>"; };
		B9E264CC2959D1800051EC27 /* AbstractRequestFactory.swift */ = {isa = PBXFileReference; lastKnownFileType = sourcecode.swift; path = AbstractRequestFactory.swift; sourceTree = "<group>"; };
		B9E264CE2959D33F0051EC27 /* LogoutResult.swift */ = {isa = PBXFileReference; lastKnownFileType = sourcecode.swift; path = LogoutResult.swift; sourceTree = "<group>"; };
		B9E264D02959D3A90051EC27 /* ChangeUserDataResult.swift */ = {isa = PBXFileReference; lastKnownFileType = sourcecode.swift; path = ChangeUserDataResult.swift; sourceTree = "<group>"; };
		B9E264D22959D43E0051EC27 /* RegisterUserResult.swift */ = {isa = PBXFileReference; lastKnownFileType = sourcecode.swift; path = RegisterUserResult.swift; sourceTree = "<group>"; };
		B9E264D42959D9C00051EC27 /* RegisterRequestFactory.swift */ = {isa = PBXFileReference; lastKnownFileType = sourcecode.swift; path = RegisterRequestFactory.swift; sourceTree = "<group>"; };
		B9E264D62959DED00051EC27 /* Register.swift */ = {isa = PBXFileReference; lastKnownFileType = sourcecode.swift; path = Register.swift; sourceTree = "<group>"; };
		B9E264D82959E1BB0051EC27 /* ChangeUserData.swift */ = {isa = PBXFileReference; lastKnownFileType = sourcecode.swift; path = ChangeUserData.swift; sourceTree = "<group>"; };
		B9E264DA2959E2050051EC27 /* ChangeUserDataRequestFactory.swift */ = {isa = PBXFileReference; lastKnownFileType = sourcecode.swift; path = ChangeUserDataRequestFactory.swift; sourceTree = "<group>"; };
/* End PBXFileReference section */

/* Begin PBXFrameworksBuildPhase section */
		B9AB102B2951FE8900A6053B /* Frameworks */ = {
			isa = PBXFrameworksBuildPhase;
			buildActionMask = 2147483647;
			files = (
				B9E264BC2959BDD30051EC27 /* Alamofire.framework in Frameworks */,
			);
			runOnlyForDeploymentPostprocessing = 0;
		};
		B9AB10412951FE9200A6053B /* Frameworks */ = {
			isa = PBXFrameworksBuildPhase;
			buildActionMask = 2147483647;
			files = (
			);
			runOnlyForDeploymentPostprocessing = 0;
		};
		B9AB104B2951FE9200A6053B /* Frameworks */ = {
			isa = PBXFrameworksBuildPhase;
			buildActionMask = 2147483647;
			files = (
			);
			runOnlyForDeploymentPostprocessing = 0;
		};
/* End PBXFrameworksBuildPhase section */

/* Begin PBXGroup section */
		B994BB1A29618038005E993D /* User */ = {
			isa = PBXGroup;
			children = (
				B9E264C32959C54F0051EC27 /* User.swift */,
				B9E264C12959C5370051EC27 /* LoginResult.swift */,
				B9E264CE2959D33F0051EC27 /* LogoutResult.swift */,
				B9E264D22959D43E0051EC27 /* RegisterUserResult.swift */,
				B9E264D02959D3A90051EC27 /* ChangeUserDataResult.swift */,
			);
			name = User;
			sourceTree = "<group>";
		};
		B994BB1B29618069005E993D /* Product */ = {
			isa = PBXGroup;
			children = (
				B99F4604295DB45D00FC61E3 /* ProductResult.swift */,
				B99F460E295DB68100FC61E3 /* CatalogDataResult.swift */,
			);
			name = Product;
			sourceTree = "<group>";
		};
		B994BB1C296180A4005E993D /* Review */ = {
			isa = PBXGroup;
			children = (
				B994BB1829617F85005E993D /* ApproveReviewResult.swift */,
				B994BB0E29617EC9005E993D /* AddReviewResult.swift */,
				B994BB2429634FA6005E993D /* Review.swift */,
				B994BB2629635054005E993D /* RemoveReviewResult.swift */,
			);
			name = Review;
			sourceTree = "<group>";
		};
		B994BB1D29618155005E993D /* Auth */ = {
			isa = PBXGroup;
			children = (
				B9E264C82959C7920051EC27 /* Auth.swift */,
				B9E264C62959C6F00051EC27 /* AuthRequestFactory.swift */,
			);
			name = Auth;
			sourceTree = "<group>";
		};
		B994BB1E29618174005E993D /* Register */ = {
			isa = PBXGroup;
			children = (
				B9E264D62959DED00051EC27 /* Register.swift */,
				B9E264D42959D9C00051EC27 /* RegisterRequestFactory.swift */,
			);
			name = Register;
			sourceTree = "<group>";
		};
		B994BB1F2961818D005E993D /* ChangeUserData */ = {
			isa = PBXGroup;
			children = (
				B9E264DA2959E2050051EC27 /* ChangeUserDataRequestFactory.swift */,
				B9E264D82959E1BB0051EC27 /* ChangeUserData.swift */,
			);
			name = ChangeUserData;
			sourceTree = "<group>";
		};
		B994BB20296181AF005E993D /* Product */ = {
			isa = PBXGroup;
			children = (
				B99F4612295DBC2A00FC61E3 /* Products.swift */,
				B99F4610295DB71400FC61E3 /* ProductRequestFactory.swift */,
			);
			name = Product;
			sourceTree = "<group>";
		};
		B994BB21296181CB005E993D /* Review */ = {
			isa = PBXGroup;
			children = (
				B994BB222961820F005E993D /* ReviewRequestFactory.swift */,
				B994BB28296351D8005E993D /* Reviews.swift */,
			);
			name = Review;
			sourceTree = "<group>";
		};
		B9AB10252951FE8800A6053B = {
			isa = PBXGroup;
			children = (
				B9E264A02959BCF80051EC27 /* Alamofire.xcodeproj */,
				B9AB10302951FE8900A6053B /* GBShop */,
				B9AB10472951FE9200A6053B /* GBShopTests */,
				B9AB10512951FE9200A6053B /* GBShopUITests */,
				B9AB102F2951FE8900A6053B /* Products */,
				B9E264BB2959BDD30051EC27 /* Frameworks */,
			);
			sourceTree = "<group>";
		};
		B9AB102F2951FE8900A6053B /* Products */ = {
			isa = PBXGroup;
			children = (
				B9AB102E2951FE8900A6053B /* GBShop.app */,
				B9AB10442951FE9200A6053B /* GBShopTests.xctest */,
				B9AB104E2951FE9200A6053B /* GBShopUITests.xctest */,
			);
			name = Products;
			sourceTree = "<group>";
		};
		B9AB10302951FE8900A6053B /* GBShop */ = {
			isa = PBXGroup;
			children = (
				B9FBCD1E29521B3F000FBE61 /* Environments */,
				B9FBCD1D29521B30000FBE61 /* Resources */,
				B9FBCD1C29521B1E000FBE61 /* Core */,
				B9FBCD1729521ABA000FBE61 /* App */,
				B9AB10332951FE8900A6053B /* SceneDelegate.swift */,
			);
			path = GBShop;
			sourceTree = "<group>";
		};
		B9AB10472951FE9200A6053B /* GBShopTests */ = {
			isa = PBXGroup;
			children = (
				B9AB10482951FE9200A6053B /* GBShopTests.swift */,
				B99F4601295D9B7A00FC61E3 /* ResponseCodableTests.swift */,
			);
			path = GBShopTests;
			sourceTree = "<group>";
		};
		B9AB10512951FE9200A6053B /* GBShopUITests */ = {
			isa = PBXGroup;
			children = (
				B9AB10522951FE9200A6053B /* GBShopUITests.swift */,
				B9AB10542951FE9200A6053B /* GBShopUITestsLaunchTests.swift */,
			);
			path = GBShopUITests;
			sourceTree = "<group>";
		};
		B9E264902959B7D80051EC27 /* Network */ = {
			isa = PBXGroup;
			children = (
				B9E264912959B87B0051EC27 /* ErrorParser.swift */,
				B9E264932959B8DF0051EC27 /* AbstractErrorParser.swift */,
				B9E264952959B94F0051EC27 /* DataRequest.swift */,
				B9E264CC2959D1800051EC27 /* AbstractRequestFactory.swift */,
				B9E264BF2959C3E20051EC27 /* RequestRouter.swift */,
			);
			name = Network;
			sourceTree = "<group>";
		};
		B9E264A12959BCF80051EC27 /* Products */ = {
			isa = PBXGroup;
			children = (
				B9E264AC2959BCF90051EC27 /* Alamofire.framework */,
				B9E264AE2959BCF90051EC27 /* Alamofire iOS Tests.xctest */,
				B9E264B02959BCF90051EC27 /* Alamofire.framework */,
				B9E264B22959BCF90051EC27 /* Alamofire macOS Tests.xctest */,
				B9E264B42959BCF90051EC27 /* Alamofire.framework */,
				B9E264B62959BCF90051EC27 /* Alamofire tvOS Tests.xctest */,
				B9E264B82959BCF90051EC27 /* Alamofire.framework */,
				B9E264BA2959BCF90051EC27 /* Alamofire watchOS Tests.xctest */,
			);
			name = Products;
			sourceTree = "<group>";
		};
		B9E264BB2959BDD30051EC27 /* Frameworks */ = {
			isa = PBXGroup;
			children = (
			);
			name = Frameworks;
			sourceTree = "<group>";
		};
		B9E264C52959C6CF0051EC27 /* Network */ = {
			isa = PBXGroup;
			children = (
				B994BB21296181CB005E993D /* Review */,
				B994BB20296181AF005E993D /* Product */,
				B994BB1F2961818D005E993D /* ChangeUserData */,
				B994BB1E29618174005E993D /* Register */,
				B994BB1D29618155005E993D /* Auth */,
				B9E264CA2959C9730051EC27 /* RequestFactory.swift */,
			);
			name = Network;
			sourceTree = "<group>";
		};
		B9FBCD1729521ABA000FBE61 /* App */ = {
			isa = PBXGroup;
			children = (
				B9AB10312951FE8900A6053B /* AppDelegate.swift */,
				B99F4614295DD40800FC61E3 /* ViewController.swift */,
				B9FBCD1B29521B0E000FBE61 /* Flows */,
				B9FBCD1A29521AF6000FBE61 /* Assembly */,
				B9FBCD1929521AE3000FBE61 /* Entity */,
				B9FBCD1829521AC8000FBE61 /* BusinessLogic */,
			);
			name = App;
			sourceTree = "<group>";
		};
		B9FBCD1829521AC8000FBE61 /* BusinessLogic */ = {
			isa = PBXGroup;
			children = (
				B9E264C52959C6CF0051EC27 /* Network */,
			);
			name = BusinessLogic;
			sourceTree = "<group>";
		};
		B9FBCD1929521AE3000FBE61 /* Entity */ = {
			isa = PBXGroup;
			children = (
				B994BB1C296180A4005E993D /* Review */,
				B994BB1B29618069005E993D /* Product */,
				B994BB1A29618038005E993D /* User */,
			);
			name = Entity;
			sourceTree = "<group>";
		};
		B9FBCD1A29521AF6000FBE61 /* Assembly */ = {
			isa = PBXGroup;
			children = (
			);
			name = Assembly;
			sourceTree = "<group>";
		};
		B9FBCD1B29521B0E000FBE61 /* Flows */ = {
			isa = PBXGroup;
			children = (
			);
			name = Flows;
			sourceTree = "<group>";
		};
		B9FBCD1C29521B1E000FBE61 /* Core */ = {
			isa = PBXGroup;
			children = (
				B9E264902959B7D80051EC27 /* Network */,
			);
			name = Core;
			sourceTree = "<group>";
		};
		B9FBCD1D29521B30000FBE61 /* Resources */ = {
			isa = PBXGroup;
			children = (
				B9AB103C2951FE9100A6053B /* LaunchScreen.storyboard */,
				B9AB103A2951FE9100A6053B /* Assets.xcassets */,
			);
			name = Resources;
			sourceTree = "<group>";
		};
		B9FBCD1E29521B3F000FBE61 /* Environments */ = {
			isa = PBXGroup;
			children = (
				B9AB103F2951FE9100A6053B /* Info.plist */,
			);
			name = Environments;
			sourceTree = "<group>";
		};
/* End PBXGroup section */

/* Begin PBXNativeTarget section */
		B9AB102D2951FE8900A6053B /* GBShop */ = {
			isa = PBXNativeTarget;
			buildConfigurationList = B9AB10582951FE9200A6053B /* Build configuration list for PBXNativeTarget "GBShop" */;
			buildPhases = (
				B9AB102A2951FE8900A6053B /* Sources */,
				B9AB102B2951FE8900A6053B /* Frameworks */,
				B9AB102C2951FE8900A6053B /* Resources */,
				B9E264BE2959BDD30051EC27 /* Embed Frameworks */,
			);
			buildRules = (
			);
			dependencies = (
			);
			name = GBShop;
			productName = GBShop;
			productReference = B9AB102E2951FE8900A6053B /* GBShop.app */;
			productType = "com.apple.product-type.application";
		};
		B9AB10432951FE9200A6053B /* GBShopTests */ = {
			isa = PBXNativeTarget;
			buildConfigurationList = B9AB105B2951FE9200A6053B /* Build configuration list for PBXNativeTarget "GBShopTests" */;
			buildPhases = (
				B9AB10402951FE9200A6053B /* Sources */,
				B9AB10412951FE9200A6053B /* Frameworks */,
				B9AB10422951FE9200A6053B /* Resources */,
			);
			buildRules = (
			);
			dependencies = (
				B9AB10462951FE9200A6053B /* PBXTargetDependency */,
			);
			name = GBShopTests;
			productName = GBShopTests;
			productReference = B9AB10442951FE9200A6053B /* GBShopTests.xctest */;
			productType = "com.apple.product-type.bundle.unit-test";
		};
		B9AB104D2951FE9200A6053B /* GBShopUITests */ = {
			isa = PBXNativeTarget;
			buildConfigurationList = B9AB105E2951FE9200A6053B /* Build configuration list for PBXNativeTarget "GBShopUITests" */;
			buildPhases = (
				B9AB104A2951FE9200A6053B /* Sources */,
				B9AB104B2951FE9200A6053B /* Frameworks */,
				B9AB104C2951FE9200A6053B /* Resources */,
			);
			buildRules = (
			);
			dependencies = (
				B9AB10502951FE9200A6053B /* PBXTargetDependency */,
			);
			name = GBShopUITests;
			productName = GBShopUITests;
			productReference = B9AB104E2951FE9200A6053B /* GBShopUITests.xctest */;
			productType = "com.apple.product-type.bundle.ui-testing";
		};
/* End PBXNativeTarget section */

/* Begin PBXProject section */
		B9AB10262951FE8800A6053B /* Project object */ = {
			isa = PBXProject;
			attributes = {
				BuildIndependentTargetsInParallel = 1;
				LastSwiftUpdateCheck = 1420;
				LastUpgradeCheck = 1420;
				TargetAttributes = {
					B9AB102D2951FE8900A6053B = {
						CreatedOnToolsVersion = 14.2;
					};
					B9AB10432951FE9200A6053B = {
						CreatedOnToolsVersion = 14.2;
						TestTargetID = B9AB102D2951FE8900A6053B;
					};
					B9AB104D2951FE9200A6053B = {
						CreatedOnToolsVersion = 14.2;
						TestTargetID = B9AB102D2951FE8900A6053B;
					};
				};
			};
			buildConfigurationList = B9AB10292951FE8800A6053B /* Build configuration list for PBXProject "GBShop" */;
			compatibilityVersion = "Xcode 14.0";
			developmentRegion = en;
			hasScannedForEncodings = 0;
			knownRegions = (
				en,
				Base,
			);
			mainGroup = B9AB10252951FE8800A6053B;
			productRefGroup = B9AB102F2951FE8900A6053B /* Products */;
			projectDirPath = "";
			projectReferences = (
				{
					ProductGroup = B9E264A12959BCF80051EC27 /* Products */;
					ProjectRef = B9E264A02959BCF80051EC27 /* Alamofire.xcodeproj */;
				},
			);
			projectRoot = "";
			targets = (
				B9AB102D2951FE8900A6053B /* GBShop */,
				B9AB10432951FE9200A6053B /* GBShopTests */,
				B9AB104D2951FE9200A6053B /* GBShopUITests */,
			);
		};
/* End PBXProject section */

/* Begin PBXReferenceProxy section */
		B9E264AC2959BCF90051EC27 /* Alamofire.framework */ = {
			isa = PBXReferenceProxy;
			fileType = wrapper.framework;
			path = Alamofire.framework;
			remoteRef = B9E264AB2959BCF90051EC27 /* PBXContainerItemProxy */;
			sourceTree = BUILT_PRODUCTS_DIR;
		};
		B9E264AE2959BCF90051EC27 /* Alamofire iOS Tests.xctest */ = {
			isa = PBXReferenceProxy;
			fileType = wrapper.cfbundle;
			path = "Alamofire iOS Tests.xctest";
			remoteRef = B9E264AD2959BCF90051EC27 /* PBXContainerItemProxy */;
			sourceTree = BUILT_PRODUCTS_DIR;
		};
		B9E264B02959BCF90051EC27 /* Alamofire.framework */ = {
			isa = PBXReferenceProxy;
			fileType = wrapper.framework;
			path = Alamofire.framework;
			remoteRef = B9E264AF2959BCF90051EC27 /* PBXContainerItemProxy */;
			sourceTree = BUILT_PRODUCTS_DIR;
		};
		B9E264B22959BCF90051EC27 /* Alamofire macOS Tests.xctest */ = {
			isa = PBXReferenceProxy;
			fileType = wrapper.cfbundle;
			path = "Alamofire macOS Tests.xctest";
			remoteRef = B9E264B12959BCF90051EC27 /* PBXContainerItemProxy */;
			sourceTree = BUILT_PRODUCTS_DIR;
		};
		B9E264B42959BCF90051EC27 /* Alamofire.framework */ = {
			isa = PBXReferenceProxy;
			fileType = wrapper.framework;
			path = Alamofire.framework;
			remoteRef = B9E264B32959BCF90051EC27 /* PBXContainerItemProxy */;
			sourceTree = BUILT_PRODUCTS_DIR;
		};
		B9E264B62959BCF90051EC27 /* Alamofire tvOS Tests.xctest */ = {
			isa = PBXReferenceProxy;
			fileType = wrapper.cfbundle;
			path = "Alamofire tvOS Tests.xctest";
			remoteRef = B9E264B52959BCF90051EC27 /* PBXContainerItemProxy */;
			sourceTree = BUILT_PRODUCTS_DIR;
		};
		B9E264B82959BCF90051EC27 /* Alamofire.framework */ = {
			isa = PBXReferenceProxy;
			fileType = wrapper.framework;
			path = Alamofire.framework;
			remoteRef = B9E264B72959BCF90051EC27 /* PBXContainerItemProxy */;
			sourceTree = BUILT_PRODUCTS_DIR;
		};
		B9E264BA2959BCF90051EC27 /* Alamofire watchOS Tests.xctest */ = {
			isa = PBXReferenceProxy;
			fileType = wrapper.cfbundle;
			path = "Alamofire watchOS Tests.xctest";
			remoteRef = B9E264B92959BCF90051EC27 /* PBXContainerItemProxy */;
			sourceTree = BUILT_PRODUCTS_DIR;
		};
/* End PBXReferenceProxy section */

/* Begin PBXResourcesBuildPhase section */
		B9AB102C2951FE8900A6053B /* Resources */ = {
			isa = PBXResourcesBuildPhase;
			buildActionMask = 2147483647;
			files = (
				B9AB103E2951FE9100A6053B /* LaunchScreen.storyboard in Resources */,
				B9AB103B2951FE9100A6053B /* Assets.xcassets in Resources */,
			);
			runOnlyForDeploymentPostprocessing = 0;
		};
		B9AB10422951FE9200A6053B /* Resources */ = {
			isa = PBXResourcesBuildPhase;
			buildActionMask = 2147483647;
			files = (
			);
			runOnlyForDeploymentPostprocessing = 0;
		};
		B9AB104C2951FE9200A6053B /* Resources */ = {
			isa = PBXResourcesBuildPhase;
			buildActionMask = 2147483647;
			files = (
			);
			runOnlyForDeploymentPostprocessing = 0;
		};
/* End PBXResourcesBuildPhase section */

/* Begin PBXSourcesBuildPhase section */
		B9AB102A2951FE8900A6053B /* Sources */ = {
			isa = PBXSourcesBuildPhase;
			buildActionMask = 2147483647;
			files = (
				B9E264CB2959C9730051EC27 /* RequestFactory.swift in Sources */,
				B9E264D72959DED00051EC27 /* Register.swift in Sources */,
				B9AB10322951FE8900A6053B /* AppDelegate.swift in Sources */,
				B9E264CF2959D33F0051EC27 /* LogoutResult.swift in Sources */,
				B99F4611295DB71400FC61E3 /* ProductRequestFactory.swift in Sources */,
				B9E264D32959D43F0051EC27 /* RegisterUserResult.swift in Sources */,
				B99F4615295DD40800FC61E3 /* ViewController.swift in Sources */,
				B994BB2729635054005E993D /* RemoveReviewResult.swift in Sources */,
				B994BB232961820F005E993D /* ReviewRequestFactory.swift in Sources */,
				B99F4605295DB45D00FC61E3 /* ProductResult.swift in Sources */,
				B994BB2529634FA6005E993D /* Review.swift in Sources */,
				B9E264D12959D3A90051EC27 /* ChangeUserDataResult.swift in Sources */,
				B9E264C22959C5370051EC27 /* LoginResult.swift in Sources */,
				B99F460F295DB68100FC61E3 /* CatalogDataResult.swift in Sources */,
				B9E264962959B94F0051EC27 /* DataRequest.swift in Sources */,
				B99F4613295DBC2A00FC61E3 /* Products.swift in Sources */,
				B9E264CD2959D1800051EC27 /* AbstractRequestFactory.swift in Sources */,
				B9E264C02959C3E20051EC27 /* RequestRouter.swift in Sources */,
				B9E264C42959C54F0051EC27 /* User.swift in Sources */,
				B9E264DB2959E2050051EC27 /* ChangeUserDataRequestFactory.swift in Sources */,
				B9E264C92959C7920051EC27 /* Auth.swift in Sources */,
				B994BB29296351D8005E993D /* Reviews.swift in Sources */,
				B9E264C72959C6F00051EC27 /* AuthRequestFactory.swift in Sources */,
				B9E264922959B87B0051EC27 /* ErrorParser.swift in Sources */,
				B994BB1929617F85005E993D /* ApproveReviewResult.swift in Sources */,
				B9E264D52959D9C00051EC27 /* RegisterRequestFactory.swift in Sources */,
				B994BB0F29617EC9005E993D /* AddReviewResult.swift in Sources */,
				B9AB10342951FE8900A6053B /* SceneDelegate.swift in Sources */,
				B9E264D92959E1BB0051EC27 /* ChangeUserData.swift in Sources */,
				B9E264942959B8DF0051EC27 /* AbstractErrorParser.swift in Sources */,
			);
			runOnlyForDeploymentPostprocessing = 0;
		};
		B9AB10402951FE9200A6053B /* Sources */ = {
			isa = PBXSourcesBuildPhase;
			buildActionMask = 2147483647;
			files = (
				B9AB10492951FE9200A6053B /* GBShopTests.swift in Sources */,
				B99F4602295D9B7A00FC61E3 /* ResponseCodableTests.swift in Sources */,
			);
			runOnlyForDeploymentPostprocessing = 0;
		};
		B9AB104A2951FE9200A6053B /* Sources */ = {
			isa = PBXSourcesBuildPhase;
			buildActionMask = 2147483647;
			files = (
				B9AB10532951FE9200A6053B /* GBShopUITests.swift in Sources */,
				B9AB10552951FE9200A6053B /* GBShopUITestsLaunchTests.swift in Sources */,
			);
			runOnlyForDeploymentPostprocessing = 0;
		};
/* End PBXSourcesBuildPhase section */

/* Begin PBXTargetDependency section */
		B9AB10462951FE9200A6053B /* PBXTargetDependency */ = {
			isa = PBXTargetDependency;
			target = B9AB102D2951FE8900A6053B /* GBShop */;
			targetProxy = B9AB10452951FE9200A6053B /* PBXContainerItemProxy */;
		};
		B9AB10502951FE9200A6053B /* PBXTargetDependency */ = {
			isa = PBXTargetDependency;
			target = B9AB102D2951FE8900A6053B /* GBShop */;
			targetProxy = B9AB104F2951FE9200A6053B /* PBXContainerItemProxy */;
		};
/* End PBXTargetDependency section */

/* Begin PBXVariantGroup section */
		B9AB103C2951FE9100A6053B /* LaunchScreen.storyboard */ = {
			isa = PBXVariantGroup;
			children = (
				B9AB103D2951FE9100A6053B /* Base */,
			);
			name = LaunchScreen.storyboard;
			sourceTree = "<group>";
		};
/* End PBXVariantGroup section */

/* Begin XCBuildConfiguration section */
		B9AB10562951FE9200A6053B /* Debug */ = {
			isa = XCBuildConfiguration;
			buildSettings = {
				ALWAYS_SEARCH_USER_PATHS = NO;
				CLANG_ANALYZER_NONNULL = YES;
				CLANG_ANALYZER_NUMBER_OBJECT_CONVERSION = YES_AGGRESSIVE;
				CLANG_CXX_LANGUAGE_STANDARD = "gnu++20";
				CLANG_ENABLE_MODULES = YES;
				CLANG_ENABLE_OBJC_ARC = YES;
				CLANG_ENABLE_OBJC_WEAK = YES;
				CLANG_WARN_BLOCK_CAPTURE_AUTORELEASING = YES;
				CLANG_WARN_BOOL_CONVERSION = YES;
				CLANG_WARN_COMMA = YES;
				CLANG_WARN_CONSTANT_CONVERSION = YES;
				CLANG_WARN_DEPRECATED_OBJC_IMPLEMENTATIONS = YES;
				CLANG_WARN_DIRECT_OBJC_ISA_USAGE = YES_ERROR;
				CLANG_WARN_DOCUMENTATION_COMMENTS = YES;
				CLANG_WARN_EMPTY_BODY = YES;
				CLANG_WARN_ENUM_CONVERSION = YES;
				CLANG_WARN_INFINITE_RECURSION = YES;
				CLANG_WARN_INT_CONVERSION = YES;
				CLANG_WARN_NON_LITERAL_NULL_CONVERSION = YES;
				CLANG_WARN_OBJC_IMPLICIT_RETAIN_SELF = YES;
				CLANG_WARN_OBJC_LITERAL_CONVERSION = YES;
				CLANG_WARN_OBJC_ROOT_CLASS = YES_ERROR;
				CLANG_WARN_QUOTED_INCLUDE_IN_FRAMEWORK_HEADER = YES;
				CLANG_WARN_RANGE_LOOP_ANALYSIS = YES;
				CLANG_WARN_STRICT_PROTOTYPES = YES;
				CLANG_WARN_SUSPICIOUS_MOVE = YES;
				CLANG_WARN_UNGUARDED_AVAILABILITY = YES_AGGRESSIVE;
				CLANG_WARN_UNREACHABLE_CODE = YES;
				CLANG_WARN__DUPLICATE_METHOD_MATCH = YES;
				COPY_PHASE_STRIP = NO;
				DEBUG_INFORMATION_FORMAT = dwarf;
				ENABLE_STRICT_OBJC_MSGSEND = YES;
				ENABLE_TESTABILITY = YES;
				GCC_C_LANGUAGE_STANDARD = gnu11;
				GCC_DYNAMIC_NO_PIC = NO;
				GCC_NO_COMMON_BLOCKS = YES;
				GCC_OPTIMIZATION_LEVEL = 0;
				GCC_PREPROCESSOR_DEFINITIONS = (
					"DEBUG=1",
					"$(inherited)",
				);
				GCC_WARN_64_TO_32_BIT_CONVERSION = YES;
				GCC_WARN_ABOUT_RETURN_TYPE = YES_ERROR;
				GCC_WARN_UNDECLARED_SELECTOR = YES;
				GCC_WARN_UNINITIALIZED_AUTOS = YES_AGGRESSIVE;
				GCC_WARN_UNUSED_FUNCTION = YES;
				GCC_WARN_UNUSED_VARIABLE = YES;
				IPHONEOS_DEPLOYMENT_TARGET = 16.2;
				MTL_ENABLE_DEBUG_INFO = INCLUDE_SOURCE;
				MTL_FAST_MATH = YES;
				ONLY_ACTIVE_ARCH = YES;
				SDKROOT = iphoneos;
				SWIFT_ACTIVE_COMPILATION_CONDITIONS = DEBUG;
				SWIFT_OPTIMIZATION_LEVEL = "-Onone";
			};
			name = Debug;
		};
		B9AB10572951FE9200A6053B /* Release */ = {
			isa = XCBuildConfiguration;
			buildSettings = {
				ALWAYS_SEARCH_USER_PATHS = NO;
				CLANG_ANALYZER_NONNULL = YES;
				CLANG_ANALYZER_NUMBER_OBJECT_CONVERSION = YES_AGGRESSIVE;
				CLANG_CXX_LANGUAGE_STANDARD = "gnu++20";
				CLANG_ENABLE_MODULES = YES;
				CLANG_ENABLE_OBJC_ARC = YES;
				CLANG_ENABLE_OBJC_WEAK = YES;
				CLANG_WARN_BLOCK_CAPTURE_AUTORELEASING = YES;
				CLANG_WARN_BOOL_CONVERSION = YES;
				CLANG_WARN_COMMA = YES;
				CLANG_WARN_CONSTANT_CONVERSION = YES;
				CLANG_WARN_DEPRECATED_OBJC_IMPLEMENTATIONS = YES;
				CLANG_WARN_DIRECT_OBJC_ISA_USAGE = YES_ERROR;
				CLANG_WARN_DOCUMENTATION_COMMENTS = YES;
				CLANG_WARN_EMPTY_BODY = YES;
				CLANG_WARN_ENUM_CONVERSION = YES;
				CLANG_WARN_INFINITE_RECURSION = YES;
				CLANG_WARN_INT_CONVERSION = YES;
				CLANG_WARN_NON_LITERAL_NULL_CONVERSION = YES;
				CLANG_WARN_OBJC_IMPLICIT_RETAIN_SELF = YES;
				CLANG_WARN_OBJC_LITERAL_CONVERSION = YES;
				CLANG_WARN_OBJC_ROOT_CLASS = YES_ERROR;
				CLANG_WARN_QUOTED_INCLUDE_IN_FRAMEWORK_HEADER = YES;
				CLANG_WARN_RANGE_LOOP_ANALYSIS = YES;
				CLANG_WARN_STRICT_PROTOTYPES = YES;
				CLANG_WARN_SUSPICIOUS_MOVE = YES;
				CLANG_WARN_UNGUARDED_AVAILABILITY = YES_AGGRESSIVE;
				CLANG_WARN_UNREACHABLE_CODE = YES;
				CLANG_WARN__DUPLICATE_METHOD_MATCH = YES;
				COPY_PHASE_STRIP = NO;
				DEBUG_INFORMATION_FORMAT = "dwarf-with-dsym";
				ENABLE_NS_ASSERTIONS = NO;
				ENABLE_STRICT_OBJC_MSGSEND = YES;
				GCC_C_LANGUAGE_STANDARD = gnu11;
				GCC_NO_COMMON_BLOCKS = YES;
				GCC_WARN_64_TO_32_BIT_CONVERSION = YES;
				GCC_WARN_ABOUT_RETURN_TYPE = YES_ERROR;
				GCC_WARN_UNDECLARED_SELECTOR = YES;
				GCC_WARN_UNINITIALIZED_AUTOS = YES_AGGRESSIVE;
				GCC_WARN_UNUSED_FUNCTION = YES;
				GCC_WARN_UNUSED_VARIABLE = YES;
				IPHONEOS_DEPLOYMENT_TARGET = 16.2;
				MTL_ENABLE_DEBUG_INFO = NO;
				MTL_FAST_MATH = YES;
				SDKROOT = iphoneos;
				SWIFT_COMPILATION_MODE = wholemodule;
				SWIFT_OPTIMIZATION_LEVEL = "-O";
				VALIDATE_PRODUCT = YES;
			};
			name = Release;
		};
		B9AB10592951FE9200A6053B /* Debug */ = {
			isa = XCBuildConfiguration;
			buildSettings = {
				ASSETCATALOG_COMPILER_APPICON_NAME = AppIcon;
				ASSETCATALOG_COMPILER_GLOBAL_ACCENT_COLOR_NAME = AccentColor;
				CODE_SIGN_STYLE = Automatic;
				CURRENT_PROJECT_VERSION = 1;
				DEVELOPMENT_TEAM = HSKY5AD59J;
				GENERATE_INFOPLIST_FILE = YES;
				INFOPLIST_FILE = GBShop/Info.plist;
				INFOPLIST_KEY_UIApplicationSupportsIndirectInputEvents = YES;
				INFOPLIST_KEY_UILaunchStoryboardName = LaunchScreen;
				INFOPLIST_KEY_UIMainStoryboardFile = Main;
				INFOPLIST_KEY_UISupportedInterfaceOrientations_iPad = "UIInterfaceOrientationPortrait UIInterfaceOrientationPortraitUpsideDown UIInterfaceOrientationLandscapeLeft UIInterfaceOrientationLandscapeRight";
				INFOPLIST_KEY_UISupportedInterfaceOrientations_iPhone = "UIInterfaceOrientationPortrait UIInterfaceOrientationLandscapeLeft UIInterfaceOrientationLandscapeRight";
				LD_RUNPATH_SEARCH_PATHS = (
					"$(inherited)",
					"@executable_path/Frameworks",
				);
				MARKETING_VERSION = 1.0;
				PRODUCT_BUNDLE_IDENTIFIER = OK.GBShop;
				PRODUCT_NAME = "$(TARGET_NAME)";
				SWIFT_EMIT_LOC_STRINGS = YES;
				SWIFT_VERSION = 5.0;
				TARGETED_DEVICE_FAMILY = "1,2";
			};
			name = Debug;
		};
		B9AB105A2951FE9200A6053B /* Release */ = {
			isa = XCBuildConfiguration;
			buildSettings = {
				ASSETCATALOG_COMPILER_APPICON_NAME = AppIcon;
				ASSETCATALOG_COMPILER_GLOBAL_ACCENT_COLOR_NAME = AccentColor;
				CODE_SIGN_STYLE = Automatic;
				CURRENT_PROJECT_VERSION = 1;
				DEVELOPMENT_TEAM = HSKY5AD59J;
				GENERATE_INFOPLIST_FILE = YES;
				INFOPLIST_FILE = GBShop/Info.plist;
				INFOPLIST_KEY_UIApplicationSupportsIndirectInputEvents = YES;
				INFOPLIST_KEY_UILaunchStoryboardName = LaunchScreen;
				INFOPLIST_KEY_UIMainStoryboardFile = Main;
				INFOPLIST_KEY_UISupportedInterfaceOrientations_iPad = "UIInterfaceOrientationPortrait UIInterfaceOrientationPortraitUpsideDown UIInterfaceOrientationLandscapeLeft UIInterfaceOrientationLandscapeRight";
				INFOPLIST_KEY_UISupportedInterfaceOrientations_iPhone = "UIInterfaceOrientationPortrait UIInterfaceOrientationLandscapeLeft UIInterfaceOrientationLandscapeRight";
				LD_RUNPATH_SEARCH_PATHS = (
					"$(inherited)",
					"@executable_path/Frameworks",
				);
				MARKETING_VERSION = 1.0;
				PRODUCT_BUNDLE_IDENTIFIER = OK.GBShop;
				PRODUCT_NAME = "$(TARGET_NAME)";
				SWIFT_EMIT_LOC_STRINGS = YES;
				SWIFT_VERSION = 5.0;
				TARGETED_DEVICE_FAMILY = "1,2";
			};
			name = Release;
		};
		B9AB105C2951FE9200A6053B /* Debug */ = {
			isa = XCBuildConfiguration;
			buildSettings = {
				ALWAYS_EMBED_SWIFT_STANDARD_LIBRARIES = YES;
				BUNDLE_LOADER = "$(TEST_HOST)";
				CODE_SIGN_STYLE = Automatic;
				CURRENT_PROJECT_VERSION = 1;
				DEVELOPMENT_TEAM = HSKY5AD59J;
				GENERATE_INFOPLIST_FILE = YES;
				IPHONEOS_DEPLOYMENT_TARGET = 16.2;
				MARKETING_VERSION = 1.0;
				PRODUCT_BUNDLE_IDENTIFIER = OK.GBShopTests;
				PRODUCT_NAME = "$(TARGET_NAME)";
				SWIFT_EMIT_LOC_STRINGS = NO;
				SWIFT_VERSION = 5.0;
				TARGETED_DEVICE_FAMILY = "1,2";
				TEST_HOST = "$(BUILT_PRODUCTS_DIR)/GBShop.app/$(BUNDLE_EXECUTABLE_FOLDER_PATH)/GBShop";
			};
			name = Debug;
		};
		B9AB105D2951FE9200A6053B /* Release */ = {
			isa = XCBuildConfiguration;
			buildSettings = {
				ALWAYS_EMBED_SWIFT_STANDARD_LIBRARIES = YES;
				BUNDLE_LOADER = "$(TEST_HOST)";
				CODE_SIGN_STYLE = Automatic;
				CURRENT_PROJECT_VERSION = 1;
				DEVELOPMENT_TEAM = HSKY5AD59J;
				GENERATE_INFOPLIST_FILE = YES;
				IPHONEOS_DEPLOYMENT_TARGET = 16.2;
				MARKETING_VERSION = 1.0;
				PRODUCT_BUNDLE_IDENTIFIER = OK.GBShopTests;
				PRODUCT_NAME = "$(TARGET_NAME)";
				SWIFT_EMIT_LOC_STRINGS = NO;
				SWIFT_VERSION = 5.0;
				TARGETED_DEVICE_FAMILY = "1,2";
				TEST_HOST = "$(BUILT_PRODUCTS_DIR)/GBShop.app/$(BUNDLE_EXECUTABLE_FOLDER_PATH)/GBShop";
			};
			name = Release;
		};
		B9AB105F2951FE9200A6053B /* Debug */ = {
			isa = XCBuildConfiguration;
			buildSettings = {
				ALWAYS_EMBED_SWIFT_STANDARD_LIBRARIES = YES;
				CODE_SIGN_STYLE = Automatic;
				CURRENT_PROJECT_VERSION = 1;
				DEVELOPMENT_TEAM = HSKY5AD59J;
				GENERATE_INFOPLIST_FILE = YES;
				MARKETING_VERSION = 1.0;
				PRODUCT_BUNDLE_IDENTIFIER = OK.GBShopUITests;
				PRODUCT_NAME = "$(TARGET_NAME)";
				SWIFT_EMIT_LOC_STRINGS = NO;
				SWIFT_VERSION = 5.0;
				TARGETED_DEVICE_FAMILY = "1,2";
				TEST_TARGET_NAME = GBShop;
			};
			name = Debug;
		};
		B9AB10602951FE9200A6053B /* Release */ = {
			isa = XCBuildConfiguration;
			buildSettings = {
				ALWAYS_EMBED_SWIFT_STANDARD_LIBRARIES = YES;
				CODE_SIGN_STYLE = Automatic;
				CURRENT_PROJECT_VERSION = 1;
				DEVELOPMENT_TEAM = HSKY5AD59J;
				GENERATE_INFOPLIST_FILE = YES;
				MARKETING_VERSION = 1.0;
				PRODUCT_BUNDLE_IDENTIFIER = OK.GBShopUITests;
				PRODUCT_NAME = "$(TARGET_NAME)";
				SWIFT_EMIT_LOC_STRINGS = NO;
				SWIFT_VERSION = 5.0;
				TARGETED_DEVICE_FAMILY = "1,2";
				TEST_TARGET_NAME = GBShop;
			};
			name = Release;
		};
/* End XCBuildConfiguration section */

/* Begin XCConfigurationList section */
		B9AB10292951FE8800A6053B /* Build configuration list for PBXProject "GBShop" */ = {
			isa = XCConfigurationList;
			buildConfigurations = (
				B9AB10562951FE9200A6053B /* Debug */,
				B9AB10572951FE9200A6053B /* Release */,
			);
			defaultConfigurationIsVisible = 0;
			defaultConfigurationName = Release;
		};
		B9AB10582951FE9200A6053B /* Build configuration list for PBXNativeTarget "GBShop" */ = {
			isa = XCConfigurationList;
			buildConfigurations = (
				B9AB10592951FE9200A6053B /* Debug */,
				B9AB105A2951FE9200A6053B /* Release */,
			);
			defaultConfigurationIsVisible = 0;
			defaultConfigurationName = Release;
		};
		B9AB105B2951FE9200A6053B /* Build configuration list for PBXNativeTarget "GBShopTests" */ = {
			isa = XCConfigurationList;
			buildConfigurations = (
				B9AB105C2951FE9200A6053B /* Debug */,
				B9AB105D2951FE9200A6053B /* Release */,
			);
			defaultConfigurationIsVisible = 0;
			defaultConfigurationName = Release;
		};
		B9AB105E2951FE9200A6053B /* Build configuration list for PBXNativeTarget "GBShopUITests" */ = {
			isa = XCConfigurationList;
			buildConfigurations = (
				B9AB105F2951FE9200A6053B /* Debug */,
				B9AB10602951FE9200A6053B /* Release */,
			);
			defaultConfigurationIsVisible = 0;
			defaultConfigurationName = Release;
		};
/* End XCConfigurationList section */
	};
	rootObject = B9AB10262951FE8800A6053B /* Project object */;
}
