// !$*UTF8*$!
{
	archiveVersion = 1;
	classes = {
	};
	objectVersion = 56;
	objects = {

/* Begin PBXBuildFile section */
		B9389122298D45DD005E7A40 /* BasketAssembler.swift in Sources */ = {isa = PBXBuildFile; fileRef = B9389121298D45DD005E7A40 /* BasketAssembler.swift */; };
		B9389124298D460D005E7A40 /* BasketInteractor.swift in Sources */ = {isa = PBXBuildFile; fileRef = B9389123298D460D005E7A40 /* BasketInteractor.swift */; };
		B9389126298D4638005E7A40 /* BasketPresenter.swift in Sources */ = {isa = PBXBuildFile; fileRef = B9389125298D4638005E7A40 /* BasketPresenter.swift */; };
		B9389128298D4669005E7A40 /* BasketRouter.swift in Sources */ = {isa = PBXBuildFile; fileRef = B9389127298D4669005E7A40 /* BasketRouter.swift */; };
		B938912A298D4692005E7A40 /* BasketView.swift in Sources */ = {isa = PBXBuildFile; fileRef = B9389129298D4692005E7A40 /* BasketView.swift */; };
		B938912C298D46BA005E7A40 /* BasketViewController.swift in Sources */ = {isa = PBXBuildFile; fileRef = B938912B298D46BA005E7A40 /* BasketViewController.swift */; };
		B938912F298D8A50005E7A40 /* BasketCell.swift in Sources */ = {isa = PBXBuildFile; fileRef = B938912E298D8A50005E7A40 /* BasketCell.swift */; };
		B9389133298D8BBB005E7A40 /* BaseTableCell.swift in Sources */ = {isa = PBXBuildFile; fileRef = B9389132298D8BBB005E7A40 /* BaseTableCell.swift */; };
		B9389136298D8C6F005E7A40 /* DeleteButton.swift in Sources */ = {isa = PBXBuildFile; fileRef = B9389135298D8C6F005E7A40 /* DeleteButton.swift */; };
		B9389138298D8FB2005E7A40 /* QuantityButton.swift in Sources */ = {isa = PBXBuildFile; fileRef = B9389137298D8FB2005E7A40 /* QuantityButton.swift */; };
		B938913D298D91DD005E7A40 /* UIView.swift in Sources */ = {isa = PBXBuildFile; fileRef = B938913C298D91DD005E7A40 /* UIView.swift */; };
		B938913F298D9229005E7A40 /* UIButton.swift in Sources */ = {isa = PBXBuildFile; fileRef = B938913E298D9229005E7A40 /* UIButton.swift */; };
		B9389141298D929F005E7A40 /* OptionButtonsDelegate.swift in Sources */ = {isa = PBXBuildFile; fileRef = B9389140298D929F005E7A40 /* OptionButtonsDelegate.swift */; };
		B938914E298E8230005E7A40 /* BasketDataSingleton.swift in Sources */ = {isa = PBXBuildFile; fileRef = B938914D298E8230005E7A40 /* BasketDataSingleton.swift */; };
		B99F4602295D9B7A00FC61E3 /* ResponseCodableTests.swift in Sources */ = {isa = PBXBuildFile; fileRef = B99F4601295D9B7A00FC61E3 /* ResponseCodableTests.swift */; };
		B99F4605295DB45D00FC61E3 /* ProductResult.swift in Sources */ = {isa = PBXBuildFile; fileRef = B99F4604295DB45D00FC61E3 /* ProductResult.swift */; };
		B99F4611295DB71400FC61E3 /* ProductRequestFactory.swift in Sources */ = {isa = PBXBuildFile; fileRef = B99F4610295DB71400FC61E3 /* ProductRequestFactory.swift */; };
		B99F4613295DBC2A00FC61E3 /* Products.swift in Sources */ = {isa = PBXBuildFile; fileRef = B99F4612295DBC2A00FC61E3 /* Products.swift */; };
		B99F4615295DD40800FC61E3 /* ViewController.swift in Sources */ = {isa = PBXBuildFile; fileRef = B99F4614295DD40800FC61E3 /* ViewController.swift */; };
		B9AA912C2981978C0036AA31 /* CategoryHeaderView.swift in Sources */ = {isa = PBXBuildFile; fileRef = B9AA912B2981978C0036AA31 /* CategoryHeaderView.swift */; };
		B9AA912E2981981A0036AA31 /* CategoryCell.swift in Sources */ = {isa = PBXBuildFile; fileRef = B9AA912D2981981A0036AA31 /* CategoryCell.swift */; };
		B9AA9130298198C40036AA31 /* ProductCell.swift in Sources */ = {isa = PBXBuildFile; fileRef = B9AA912F298198C40036AA31 /* ProductCell.swift */; };
		B9AA913229819D9D0036AA31 /* BannerCell.swift in Sources */ = {isa = PBXBuildFile; fileRef = B9AA913129819D9D0036AA31 /* BannerCell.swift */; };
		B9AA913429819DD00036AA31 /* BannerCollectionCell.swift in Sources */ = {isa = PBXBuildFile; fileRef = B9AA913329819DD00036AA31 /* BannerCollectionCell.swift */; };
		B9AA913629819EF90036AA31 /* Category.swift in Sources */ = {isa = PBXBuildFile; fileRef = B9AA913529819EF90036AA31 /* Category.swift */; };
		B9AB10322951FE8900A6053B /* AppDelegate.swift in Sources */ = {isa = PBXBuildFile; fileRef = B9AB10312951FE8900A6053B /* AppDelegate.swift */; };
		B9AB10342951FE8900A6053B /* SceneDelegate.swift in Sources */ = {isa = PBXBuildFile; fileRef = B9AB10332951FE8900A6053B /* SceneDelegate.swift */; };
		B9AB103B2951FE9100A6053B /* Assets.xcassets in Resources */ = {isa = PBXBuildFile; fileRef = B9AB103A2951FE9100A6053B /* Assets.xcassets */; };
		B9AB103E2951FE9100A6053B /* LaunchScreen.storyboard in Resources */ = {isa = PBXBuildFile; fileRef = B9AB103C2951FE9100A6053B /* LaunchScreen.storyboard */; };
		B9AB10492951FE9200A6053B /* GBShopTests.swift in Sources */ = {isa = PBXBuildFile; fileRef = B9AB10482951FE9200A6053B /* GBShopTests.swift */; };
		B9AB10532951FE9200A6053B /* GBShopUITests.swift in Sources */ = {isa = PBXBuildFile; fileRef = B9AB10522951FE9200A6053B /* GBShopUITests.swift */; };
		B9AB10552951FE9200A6053B /* GBShopUITestsLaunchTests.swift in Sources */ = {isa = PBXBuildFile; fileRef = B9AB10542951FE9200A6053B /* GBShopUITestsLaunchTests.swift */; };
		B9B10EF12979ABA800816C3E /* CatalogDataResult.swift in Sources */ = {isa = PBXBuildFile; fileRef = B9B10EF02979ABA800816C3E /* CatalogDataResult.swift */; };
		B9B10EF52979AFA400816C3E /* TabBarBuilder.swift in Sources */ = {isa = PBXBuildFile; fileRef = B9B10EF42979AFA400816C3E /* TabBarBuilder.swift */; };
		B9B10EF82979B03900816C3E /* TabBarController.swift in Sources */ = {isa = PBXBuildFile; fileRef = B9B10EF72979B03900816C3E /* TabBarController.swift */; };
		B9B10EFB2979B0E400816C3E /* UserViewInteractor.swift in Sources */ = {isa = PBXBuildFile; fileRef = B9B10EFA2979B0E400816C3E /* UserViewInteractor.swift */; };
		B9B10EFD2979B10C00816C3E /* UserViewPresenter.swift in Sources */ = {isa = PBXBuildFile; fileRef = B9B10EFC2979B10C00816C3E /* UserViewPresenter.swift */; };
		B9B10EFF2979B12400816C3E /* UserViewRouter.swift in Sources */ = {isa = PBXBuildFile; fileRef = B9B10EFE2979B12400816C3E /* UserViewRouter.swift */; };
		B9B10F012979B14000816C3E /* UserViewAssembler.swift in Sources */ = {isa = PBXBuildFile; fileRef = B9B10F002979B14000816C3E /* UserViewAssembler.swift */; };
		B9B10F032979B15200816C3E /* UserView.swift in Sources */ = {isa = PBXBuildFile; fileRef = B9B10F022979B15200816C3E /* UserView.swift */; };
		B9B10F052979B16B00816C3E /* UserViewController.swift in Sources */ = {isa = PBXBuildFile; fileRef = B9B10F042979B16B00816C3E /* UserViewController.swift */; };
		B9B6D928298E9F5300A094CF /* BaseViewController.swift in Sources */ = {isa = PBXBuildFile; fileRef = B9B6D927298E9F5300A094CF /* BaseViewController.swift */; };
		B9B6D932298E9FBB00A094CF /* ClearBasketButton.swift in Sources */ = {isa = PBXBuildFile; fileRef = B9B6D931298E9FBB00A094CF /* ClearBasketButton.swift */; };
		B9B6D934298EA07700A094CF /* BuyButton.swift in Sources */ = {isa = PBXBuildFile; fileRef = B9B6D933298EA07700A094CF /* BuyButton.swift */; };
		B9B6D938298EBB1E00A094CF /* Resources.swift in Sources */ = {isa = PBXBuildFile; fileRef = B9B6D937298EBB1E00A094CF /* Resources.swift */; };
		B9B6D943298ED53B00A094CF /* CatalogCell.swift in Sources */ = {isa = PBXBuildFile; fileRef = B9B6D942298ED53B00A094CF /* CatalogCell.swift */; };
		B9B6D94D298ED5C200A094CF /* ProductViewController.swift in Sources */ = {isa = PBXBuildFile; fileRef = B9B6D94C298ED5C200A094CF /* ProductViewController.swift */; };
		B9B6D94F298ED65B00A094CF /* ProductPictureCell.swift in Sources */ = {isa = PBXBuildFile; fileRef = B9B6D94E298ED65B00A094CF /* ProductPictureCell.swift */; };
		B9B6D951298ED6CE00A094CF /* ProductPriceCell.swift in Sources */ = {isa = PBXBuildFile; fileRef = B9B6D950298ED6CE00A094CF /* ProductPriceCell.swift */; };
		B9B6D953298ED70200A094CF /* ProductRatingCell.swift in Sources */ = {isa = PBXBuildFile; fileRef = B9B6D952298ED70200A094CF /* ProductRatingCell.swift */; };
		B9B6D955298ED73800A094CF /* ProductReviewsCell.swift in Sources */ = {isa = PBXBuildFile; fileRef = B9B6D954298ED73800A094CF /* ProductReviewsCell.swift */; };
		B9B6D957298ED76B00A094CF /* ProductDescriptionCell.swift in Sources */ = {isa = PBXBuildFile; fileRef = B9B6D956298ED76B00A094CF /* ProductDescriptionCell.swift */; };
		B9B6D95A298ED7F000A094CF /* ProductTagView.swift in Sources */ = {isa = PBXBuildFile; fileRef = B9B6D959298ED7F000A094CF /* ProductTagView.swift */; };
		B9B6D964298ED8A100A094CF /* QuantityControl.swift in Sources */ = {isa = PBXBuildFile; fileRef = B9B6D963298ED8A100A094CF /* QuantityControl.swift */; };
		B9B6D966298ED8D600A094CF /* AddToBasketButton.swift in Sources */ = {isa = PBXBuildFile; fileRef = B9B6D965298ED8D600A094CF /* AddToBasketButton.swift */; };
		B9D26550297FF807009E7447 /* RegisterAssembler.swift in Sources */ = {isa = PBXBuildFile; fileRef = B9D2654F297FF807009E7447 /* RegisterAssembler.swift */; };
		B9D26552297FF839009E7447 /* RegisterInteractor.swift in Sources */ = {isa = PBXBuildFile; fileRef = B9D26551297FF839009E7447 /* RegisterInteractor.swift */; };
		B9D26554297FF874009E7447 /* RegisterPresenter.swift in Sources */ = {isa = PBXBuildFile; fileRef = B9D26553297FF874009E7447 /* RegisterPresenter.swift */; };
		B9D26556297FF8AA009E7447 /* RegisterRouter.swift in Sources */ = {isa = PBXBuildFile; fileRef = B9D26555297FF8AA009E7447 /* RegisterRouter.swift */; };
		B9D26558297FF8D8009E7447 /* RegisterView.swift in Sources */ = {isa = PBXBuildFile; fileRef = B9D26557297FF8D8009E7447 /* RegisterView.swift */; };
		B9D2655A297FF91C009E7447 /* RegisterViewController.swift in Sources */ = {isa = PBXBuildFile; fileRef = B9D26559297FF91C009E7447 /* RegisterViewController.swift */; };
		B9D2655C297FFA4E009E7447 /* UserAuth.swift in Sources */ = {isa = PBXBuildFile; fileRef = B9D2655B297FFA4E009E7447 /* UserAuth.swift */; };
		B9D2655E297FFA78009E7447 /* UserSession.swift in Sources */ = {isa = PBXBuildFile; fileRef = B9D2655D297FFA78009E7447 /* UserSession.swift */; };
		B9D26560297FFD62009E7447 /* BasketRequestFactory.swift in Sources */ = {isa = PBXBuildFile; fileRef = B9D2655F297FFD62009E7447 /* BasketRequestFactory.swift */; };
		B9D2656229800080009E7447 /* BasketResult.swift in Sources */ = {isa = PBXBuildFile; fileRef = B9D2656129800080009E7447 /* BasketResult.swift */; };
		B9D2656429800180009E7447 /* GetBasketResult.swift in Sources */ = {isa = PBXBuildFile; fileRef = B9D2656329800180009E7447 /* GetBasketResult.swift */; };
		B9D26566298003AC009E7447 /* DeleteBasketResult.swift in Sources */ = {isa = PBXBuildFile; fileRef = B9D26565298003AC009E7447 /* DeleteBasketResult.swift */; };
		B9D2656829800422009E7447 /* AddBasketResult.swift in Sources */ = {isa = PBXBuildFile; fileRef = B9D2656729800422009E7447 /* AddBasketResult.swift */; };
		B9D2656A2980048B009E7447 /* Basket.swift in Sources */ = {isa = PBXBuildFile; fileRef = B9D265692980048B009E7447 /* Basket.swift */; };
		B9D2656C29800637009E7447 /* Review.swift in Sources */ = {isa = PBXBuildFile; fileRef = B9D2656B29800637009E7447 /* Review.swift */; };
		B9D2656E2980065C009E7447 /* AddReviewResult.swift in Sources */ = {isa = PBXBuildFile; fileRef = B9D2656D2980065C009E7447 /* AddReviewResult.swift */; };
		B9D2657029800690009E7447 /* ApproveReviewResult.swift in Sources */ = {isa = PBXBuildFile; fileRef = B9D2656F29800690009E7447 /* ApproveReviewResult.swift */; };
		B9D26572298006B5009E7447 /* RemoveReviewResult.swift in Sources */ = {isa = PBXBuildFile; fileRef = B9D26571298006B5009E7447 /* RemoveReviewResult.swift */; };
		B9D2657429800711009E7447 /* ReviewRequestFactory.swift in Sources */ = {isa = PBXBuildFile; fileRef = B9D2657329800711009E7447 /* ReviewRequestFactory.swift */; };
		B9D2657629800739009E7447 /* Reviews.swift in Sources */ = {isa = PBXBuildFile; fileRef = B9D2657529800739009E7447 /* Reviews.swift */; };
		B9D26579298007CF009E7447 /* AuthAssembler.swift in Sources */ = {isa = PBXBuildFile; fileRef = B9D26578298007CF009E7447 /* AuthAssembler.swift */; };
		B9D2657B298007F8009E7447 /* AuthInteractor.swift in Sources */ = {isa = PBXBuildFile; fileRef = B9D2657A298007F8009E7447 /* AuthInteractor.swift */; };
		B9D2657D29800824009E7447 /* AuthPresenter.swift in Sources */ = {isa = PBXBuildFile; fileRef = B9D2657C29800824009E7447 /* AuthPresenter.swift */; };
		B9D2657F2980084E009E7447 /* AuthRouter.swift in Sources */ = {isa = PBXBuildFile; fileRef = B9D2657E2980084E009E7447 /* AuthRouter.swift */; };
		B9D2658129800885009E7447 /* AuthView.swift in Sources */ = {isa = PBXBuildFile; fileRef = B9D2658029800885009E7447 /* AuthView.swift */; };
		B9D26583298008BB009E7447 /* AuthViewController.swift in Sources */ = {isa = PBXBuildFile; fileRef = B9D26582298008BB009E7447 /* AuthViewController.swift */; };
		B9D2658629800B31009E7447 /* MainAssembler.swift in Sources */ = {isa = PBXBuildFile; fileRef = B9D2658529800B31009E7447 /* MainAssembler.swift */; };
		B9D2658829800B5C009E7447 /* MainInteractor.swift in Sources */ = {isa = PBXBuildFile; fileRef = B9D2658729800B5C009E7447 /* MainInteractor.swift */; };
		B9D2658A29800B8E009E7447 /* MainPresenter.swift in Sources */ = {isa = PBXBuildFile; fileRef = B9D2658929800B8E009E7447 /* MainPresenter.swift */; };
		B9D2658C29800BB7009E7447 /* MainRouter.swift in Sources */ = {isa = PBXBuildFile; fileRef = B9D2658B29800BB7009E7447 /* MainRouter.swift */; };
		B9D2658E29800BE9009E7447 /* MainView.swift in Sources */ = {isa = PBXBuildFile; fileRef = B9D2658D29800BE9009E7447 /* MainView.swift */; };
		B9D2659029800C1D009E7447 /* MainViewController.swift in Sources */ = {isa = PBXBuildFile; fileRef = B9D2658F29800C1D009E7447 /* MainViewController.swift */; };
		B9D265C4298032E3009E7447 /* Alamofire.framework in Frameworks */ = {isa = PBXBuildFile; fileRef = B9D265B529803281009E7447 /* Alamofire.framework */; };
		B9D265C5298032E3009E7447 /* Alamofire.framework in Embed Frameworks */ = {isa = PBXBuildFile; fileRef = B9D265B529803281009E7447 /* Alamofire.framework */; settings = {ATTRIBUTES = (CodeSignOnCopy, RemoveHeadersOnCopy, ); }; };
		B9E264922959B87B0051EC27 /* ErrorParser.swift in Sources */ = {isa = PBXBuildFile; fileRef = B9E264912959B87B0051EC27 /* ErrorParser.swift */; };
		B9E264942959B8DF0051EC27 /* AbstractErrorParser.swift in Sources */ = {isa = PBXBuildFile; fileRef = B9E264932959B8DF0051EC27 /* AbstractErrorParser.swift */; };
		B9E264962959B94F0051EC27 /* DataRequest.swift in Sources */ = {isa = PBXBuildFile; fileRef = B9E264952959B94F0051EC27 /* DataRequest.swift */; };
		B9E264C02959C3E20051EC27 /* RequestRouter.swift in Sources */ = {isa = PBXBuildFile; fileRef = B9E264BF2959C3E20051EC27 /* RequestRouter.swift */; };
		B9E264C22959C5370051EC27 /* LoginResult.swift in Sources */ = {isa = PBXBuildFile; fileRef = B9E264C12959C5370051EC27 /* LoginResult.swift */; };
		B9E264C42959C54F0051EC27 /* User.swift in Sources */ = {isa = PBXBuildFile; fileRef = B9E264C32959C54F0051EC27 /* User.swift */; };
		B9E264C72959C6F00051EC27 /* AuthRequestFactory.swift in Sources */ = {isa = PBXBuildFile; fileRef = B9E264C62959C6F00051EC27 /* AuthRequestFactory.swift */; };
		B9E264C92959C7920051EC27 /* Auth.swift in Sources */ = {isa = PBXBuildFile; fileRef = B9E264C82959C7920051EC27 /* Auth.swift */; };
		B9E264CB2959C9730051EC27 /* RequestFactory.swift in Sources */ = {isa = PBXBuildFile; fileRef = B9E264CA2959C9730051EC27 /* RequestFactory.swift */; };
		B9E264CD2959D1800051EC27 /* AbstractRequestFactory.swift in Sources */ = {isa = PBXBuildFile; fileRef = B9E264CC2959D1800051EC27 /* AbstractRequestFactory.swift */; };
		B9E264CF2959D33F0051EC27 /* LogoutResult.swift in Sources */ = {isa = PBXBuildFile; fileRef = B9E264CE2959D33F0051EC27 /* LogoutResult.swift */; };
		B9E264D12959D3A90051EC27 /* ChangeUserDataResult.swift in Sources */ = {isa = PBXBuildFile; fileRef = B9E264D02959D3A90051EC27 /* ChangeUserDataResult.swift */; };
		B9E264D32959D43F0051EC27 /* RegisterUserResult.swift in Sources */ = {isa = PBXBuildFile; fileRef = B9E264D22959D43E0051EC27 /* RegisterUserResult.swift */; };
		B9E264D52959D9C00051EC27 /* RegisterRequestFactory.swift in Sources */ = {isa = PBXBuildFile; fileRef = B9E264D42959D9C00051EC27 /* RegisterRequestFactory.swift */; };
		B9E264D72959DED00051EC27 /* Register.swift in Sources */ = {isa = PBXBuildFile; fileRef = B9E264D62959DED00051EC27 /* Register.swift */; };
		B9E264D92959E1BB0051EC27 /* ChangeUserData.swift in Sources */ = {isa = PBXBuildFile; fileRef = B9E264D82959E1BB0051EC27 /* ChangeUserData.swift */; };
		B9E264DB2959E2050051EC27 /* ChangeUserDataRequestFactory.swift in Sources */ = {isa = PBXBuildFile; fileRef = B9E264DA2959E2050051EC27 /* ChangeUserDataRequestFactory.swift */; };
		B9F57AEA298BC696007437FB /* ReviewAssembler.swift in Sources */ = {isa = PBXBuildFile; fileRef = B9F57AE9298BC696007437FB /* ReviewAssembler.swift */; };
		B9F57AEC298BC6D9007437FB /* ReviewInteractor.swift in Sources */ = {isa = PBXBuildFile; fileRef = B9F57AEB298BC6D9007437FB /* ReviewInteractor.swift */; };
		B9F57AEE298BC71E007437FB /* ReviewPresenter.swift in Sources */ = {isa = PBXBuildFile; fileRef = B9F57AED298BC71E007437FB /* ReviewPresenter.swift */; };
		B9F57AF0298BC754007437FB /* ReviewRouter.swift in Sources */ = {isa = PBXBuildFile; fileRef = B9F57AEF298BC754007437FB /* ReviewRouter.swift */; };
		B9F57AF2298BDAC6007437FB /* ReviewViewController.swift in Sources */ = {isa = PBXBuildFile; fileRef = B9F57AF1298BDAC6007437FB /* ReviewViewController.swift */; };
		B9F57AF4298BDB2B007437FB /* ReviewView.swift in Sources */ = {isa = PBXBuildFile; fileRef = B9F57AF3298BDB2B007437FB /* ReviewView.swift */; };
/* End PBXBuildFile section */

/* Begin PBXContainerItemProxy section */
		B9AB10452951FE9200A6053B /* PBXContainerItemProxy */ = {
			isa = PBXContainerItemProxy;
			containerPortal = B9AB10262951FE8800A6053B /* Project object */;
			proxyType = 1;
			remoteGlobalIDString = B9AB102D2951FE8900A6053B;
			remoteInfo = GBShop;
		};
		B9AB104F2951FE9200A6053B /* PBXContainerItemProxy */ = {
			isa = PBXContainerItemProxy;
			containerPortal = B9AB10262951FE8800A6053B /* Project object */;
			proxyType = 1;
			remoteGlobalIDString = B9AB102D2951FE8900A6053B;
			remoteInfo = GBShop;
		};
		B9D265B429803281009E7447 /* PBXContainerItemProxy */ = {
			isa = PBXContainerItemProxy;
			containerPortal = B9D265A929803281009E7447 /* Alamofire.xcodeproj */;
			proxyType = 2;
			remoteGlobalIDString = F8111E3319A95C8B0040E7D1;
			remoteInfo = "Alamofire iOS";
		};
		B9D265B629803281009E7447 /* PBXContainerItemProxy */ = {
			isa = PBXContainerItemProxy;
			containerPortal = B9D265A929803281009E7447 /* Alamofire.xcodeproj */;
			proxyType = 2;
			remoteGlobalIDString = F8111E3E19A95C8B0040E7D1;
			remoteInfo = "Alamofire iOS Tests";
		};
		B9D265B829803281009E7447 /* PBXContainerItemProxy */ = {
			isa = PBXContainerItemProxy;
			containerPortal = B9D265A929803281009E7447 /* Alamofire.xcodeproj */;
			proxyType = 2;
			remoteGlobalIDString = 4DD67C0B1A5C55C900ED2280;
			remoteInfo = "Alamofire macOS";
		};
		B9D265BA29803281009E7447 /* PBXContainerItemProxy */ = {
			isa = PBXContainerItemProxy;
			containerPortal = B9D265A929803281009E7447 /* Alamofire.xcodeproj */;
			proxyType = 2;
			remoteGlobalIDString = F829C6B21A7A94F100A2CD59;
			remoteInfo = "Alamofire macOS Tests";
		};
		B9D265BC29803281009E7447 /* PBXContainerItemProxy */ = {
			isa = PBXContainerItemProxy;
			containerPortal = B9D265A929803281009E7447 /* Alamofire.xcodeproj */;
			proxyType = 2;
			remoteGlobalIDString = 4CF626EF1BA7CB3E0011A099;
			remoteInfo = "Alamofire tvOS";
		};
		B9D265BE29803281009E7447 /* PBXContainerItemProxy */ = {
			isa = PBXContainerItemProxy;
			containerPortal = B9D265A929803281009E7447 /* Alamofire.xcodeproj */;
			proxyType = 2;
			remoteGlobalIDString = 4CF626F81BA7CB3E0011A099;
			remoteInfo = "Alamofire tvOS Tests";
		};
		B9D265C029803281009E7447 /* PBXContainerItemProxy */ = {
			isa = PBXContainerItemProxy;
			containerPortal = B9D265A929803281009E7447 /* Alamofire.xcodeproj */;
			proxyType = 2;
			remoteGlobalIDString = E4202FE01B667AA100C997FB;
			remoteInfo = "Alamofire watchOS";
		};
		B9D265C229803281009E7447 /* PBXContainerItemProxy */ = {
			isa = PBXContainerItemProxy;
			containerPortal = B9D265A929803281009E7447 /* Alamofire.xcodeproj */;
			proxyType = 2;
			remoteGlobalIDString = 31293065263E17D600473CEA;
			remoteInfo = "Alamofire watchOS Tests";
		};
/* End PBXContainerItemProxy section */

/* Begin PBXCopyFilesBuildPhase section */
		B9D265C6298032E3009E7447 /* Embed Frameworks */ = {
			isa = PBXCopyFilesBuildPhase;
			buildActionMask = 2147483647;
			dstPath = "";
			dstSubfolderSpec = 10;
			files = (
				B9D265C5298032E3009E7447 /* Alamofire.framework in Embed Frameworks */,
			);
			name = "Embed Frameworks";
			runOnlyForDeploymentPostprocessing = 0;
		};
/* End PBXCopyFilesBuildPhase section */

/* Begin PBXFileReference section */
		B9389121298D45DD005E7A40 /* BasketAssembler.swift */ = {isa = PBXFileReference; lastKnownFileType = sourcecode.swift; path = BasketAssembler.swift; sourceTree = "<group>"; };
		B9389123298D460D005E7A40 /* BasketInteractor.swift */ = {isa = PBXFileReference; lastKnownFileType = sourcecode.swift; path = BasketInteractor.swift; sourceTree = "<group>"; };
		B9389125298D4638005E7A40 /* BasketPresenter.swift */ = {isa = PBXFileReference; lastKnownFileType = sourcecode.swift; path = BasketPresenter.swift; sourceTree = "<group>"; };
		B9389127298D4669005E7A40 /* BasketRouter.swift */ = {isa = PBXFileReference; lastKnownFileType = sourcecode.swift; path = BasketRouter.swift; sourceTree = "<group>"; };
		B9389129298D4692005E7A40 /* BasketView.swift */ = {isa = PBXFileReference; lastKnownFileType = sourcecode.swift; path = BasketView.swift; sourceTree = "<group>"; };
		B938912B298D46BA005E7A40 /* BasketViewController.swift */ = {isa = PBXFileReference; lastKnownFileType = sourcecode.swift; path = BasketViewController.swift; sourceTree = "<group>"; };
		B938912E298D8A50005E7A40 /* BasketCell.swift */ = {isa = PBXFileReference; lastKnownFileType = sourcecode.swift; path = BasketCell.swift; sourceTree = "<group>"; };
		B9389132298D8BBB005E7A40 /* BaseTableCell.swift */ = {isa = PBXFileReference; lastKnownFileType = sourcecode.swift; path = BaseTableCell.swift; sourceTree = "<group>"; };
		B9389135298D8C6F005E7A40 /* DeleteButton.swift */ = {isa = PBXFileReference; lastKnownFileType = sourcecode.swift; path = DeleteButton.swift; sourceTree = "<group>"; };
		B9389137298D8FB2005E7A40 /* QuantityButton.swift */ = {isa = PBXFileReference; lastKnownFileType = sourcecode.swift; path = QuantityButton.swift; sourceTree = "<group>"; };
		B938913C298D91DD005E7A40 /* UIView.swift */ = {isa = PBXFileReference; lastKnownFileType = sourcecode.swift; path = UIView.swift; sourceTree = "<group>"; };
		B938913E298D9229005E7A40 /* UIButton.swift */ = {isa = PBXFileReference; lastKnownFileType = sourcecode.swift; path = UIButton.swift; sourceTree = "<group>"; };
		B9389140298D929F005E7A40 /* OptionButtonsDelegate.swift */ = {isa = PBXFileReference; lastKnownFileType = sourcecode.swift; path = OptionButtonsDelegate.swift; sourceTree = "<group>"; };
		B938914D298E8230005E7A40 /* BasketDataSingleton.swift */ = {isa = PBXFileReference; lastKnownFileType = sourcecode.swift; path = BasketDataSingleton.swift; sourceTree = "<group>"; };
		B99F4601295D9B7A00FC61E3 /* ResponseCodableTests.swift */ = {isa = PBXFileReference; lastKnownFileType = sourcecode.swift; path = ResponseCodableTests.swift; sourceTree = "<group>"; };
		B99F4604295DB45D00FC61E3 /* ProductResult.swift */ = {isa = PBXFileReference; lastKnownFileType = sourcecode.swift; path = ProductResult.swift; sourceTree = "<group>"; };
		B99F4610295DB71400FC61E3 /* ProductRequestFactory.swift */ = {isa = PBXFileReference; lastKnownFileType = sourcecode.swift; name = ProductRequestFactory.swift; path = ../../ProductRequestFactory.swift; sourceTree = "<group>"; };
		B99F4612295DBC2A00FC61E3 /* Products.swift */ = {isa = PBXFileReference; lastKnownFileType = sourcecode.swift; name = Products.swift; path = ../../Products.swift; sourceTree = "<group>"; };
		B99F4614295DD40800FC61E3 /* ViewController.swift */ = {isa = PBXFileReference; lastKnownFileType = sourcecode.swift; path = ViewController.swift; sourceTree = "<group>"; };
		B9AA912B2981978C0036AA31 /* CategoryHeaderView.swift */ = {isa = PBXFileReference; lastKnownFileType = sourcecode.swift; path = CategoryHeaderView.swift; sourceTree = "<group>"; };
		B9AA912D2981981A0036AA31 /* CategoryCell.swift */ = {isa = PBXFileReference; lastKnownFileType = sourcecode.swift; path = CategoryCell.swift; sourceTree = "<group>"; };
		B9AA912F298198C40036AA31 /* ProductCell.swift */ = {isa = PBXFileReference; lastKnownFileType = sourcecode.swift; path = ProductCell.swift; sourceTree = "<group>"; };
		B9AA913129819D9D0036AA31 /* BannerCell.swift */ = {isa = PBXFileReference; lastKnownFileType = sourcecode.swift; path = BannerCell.swift; sourceTree = "<group>"; };
		B9AA913329819DD00036AA31 /* BannerCollectionCell.swift */ = {isa = PBXFileReference; lastKnownFileType = sourcecode.swift; path = BannerCollectionCell.swift; sourceTree = "<group>"; };
		B9AA913529819EF90036AA31 /* Category.swift */ = {isa = PBXFileReference; lastKnownFileType = sourcecode.swift; path = Category.swift; sourceTree = "<group>"; };
		B9AB102E2951FE8900A6053B /* GBShop.app */ = {isa = PBXFileReference; explicitFileType = wrapper.application; includeInIndex = 0; path = GBShop.app; sourceTree = BUILT_PRODUCTS_DIR; };
		B9AB10312951FE8900A6053B /* AppDelegate.swift */ = {isa = PBXFileReference; lastKnownFileType = sourcecode.swift; path = AppDelegate.swift; sourceTree = "<group>"; };
		B9AB10332951FE8900A6053B /* SceneDelegate.swift */ = {isa = PBXFileReference; lastKnownFileType = sourcecode.swift; path = SceneDelegate.swift; sourceTree = "<group>"; };
		B9AB103A2951FE9100A6053B /* Assets.xcassets */ = {isa = PBXFileReference; lastKnownFileType = folder.assetcatalog; path = Assets.xcassets; sourceTree = "<group>"; };
		B9AB103D2951FE9100A6053B /* Base */ = {isa = PBXFileReference; lastKnownFileType = file.storyboard; name = Base; path = Base.lproj/LaunchScreen.storyboard; sourceTree = "<group>"; };
		B9AB103F2951FE9100A6053B /* Info.plist */ = {isa = PBXFileReference; lastKnownFileType = text.plist.xml; path = Info.plist; sourceTree = "<group>"; };
		B9AB10442951FE9200A6053B /* GBShopTests.xctest */ = {isa = PBXFileReference; explicitFileType = wrapper.cfbundle; includeInIndex = 0; path = GBShopTests.xctest; sourceTree = BUILT_PRODUCTS_DIR; };
		B9AB10482951FE9200A6053B /* GBShopTests.swift */ = {isa = PBXFileReference; lastKnownFileType = sourcecode.swift; path = GBShopTests.swift; sourceTree = "<group>"; };
		B9AB104E2951FE9200A6053B /* GBShopUITests.xctest */ = {isa = PBXFileReference; explicitFileType = wrapper.cfbundle; includeInIndex = 0; path = GBShopUITests.xctest; sourceTree = BUILT_PRODUCTS_DIR; };
		B9AB10522951FE9200A6053B /* GBShopUITests.swift */ = {isa = PBXFileReference; lastKnownFileType = sourcecode.swift; path = GBShopUITests.swift; sourceTree = "<group>"; };
		B9AB10542951FE9200A6053B /* GBShopUITestsLaunchTests.swift */ = {isa = PBXFileReference; lastKnownFileType = sourcecode.swift; path = GBShopUITestsLaunchTests.swift; sourceTree = "<group>"; };
		B9B10EF02979ABA800816C3E /* CatalogDataResult.swift */ = {isa = PBXFileReference; lastKnownFileType = sourcecode.swift; path = CatalogDataResult.swift; sourceTree = "<group>"; };
		B9B10EF42979AFA400816C3E /* TabBarBuilder.swift */ = {isa = PBXFileReference; lastKnownFileType = sourcecode.swift; name = TabBarBuilder.swift; path = ../TabBarBuilder.swift; sourceTree = "<group>"; };
		B9B10EF72979B03900816C3E /* TabBarController.swift */ = {isa = PBXFileReference; lastKnownFileType = sourcecode.swift; path = TabBarController.swift; sourceTree = "<group>"; };
		B9B10EFA2979B0E400816C3E /* UserViewInteractor.swift */ = {isa = PBXFileReference; lastKnownFileType = sourcecode.swift; path = UserViewInteractor.swift; sourceTree = "<group>"; };
		B9B10EFC2979B10C00816C3E /* UserViewPresenter.swift */ = {isa = PBXFileReference; lastKnownFileType = sourcecode.swift; path = UserViewPresenter.swift; sourceTree = "<group>"; };
		B9B10EFE2979B12400816C3E /* UserViewRouter.swift */ = {isa = PBXFileReference; lastKnownFileType = sourcecode.swift; path = UserViewRouter.swift; sourceTree = "<group>"; };
		B9B10F002979B14000816C3E /* UserViewAssembler.swift */ = {isa = PBXFileReference; lastKnownFileType = sourcecode.swift; path = UserViewAssembler.swift; sourceTree = "<group>"; };
		B9B10F022979B15200816C3E /* UserView.swift */ = {isa = PBXFileReference; lastKnownFileType = sourcecode.swift; path = UserView.swift; sourceTree = "<group>"; };
		B9B10F042979B16B00816C3E /* UserViewController.swift */ = {isa = PBXFileReference; lastKnownFileType = sourcecode.swift; path = UserViewController.swift; sourceTree = "<group>"; };
		B9B6D927298E9F5300A094CF /* BaseViewController.swift */ = {isa = PBXFileReference; lastKnownFileType = sourcecode.swift; path = BaseViewController.swift; sourceTree = "<group>"; };
		B9B6D931298E9FBB00A094CF /* ClearBasketButton.swift */ = {isa = PBXFileReference; lastKnownFileType = sourcecode.swift; path = ClearBasketButton.swift; sourceTree = "<group>"; };
		B9B6D933298EA07700A094CF /* BuyButton.swift */ = {isa = PBXFileReference; lastKnownFileType = sourcecode.swift; path = BuyButton.swift; sourceTree = "<group>"; };
		B9B6D937298EBB1E00A094CF /* Resources.swift */ = {isa = PBXFileReference; lastKnownFileType = sourcecode.swift; path = Resources.swift; sourceTree = "<group>"; };
		B9B6D942298ED53B00A094CF /* CatalogCell.swift */ = {isa = PBXFileReference; lastKnownFileType = sourcecode.swift; path = CatalogCell.swift; sourceTree = "<group>"; };
		B9B6D94C298ED5C200A094CF /* ProductViewController.swift */ = {isa = PBXFileReference; lastKnownFileType = sourcecode.swift; path = ProductViewController.swift; sourceTree = "<group>"; };
		B9B6D94E298ED65B00A094CF /* ProductPictureCell.swift */ = {isa = PBXFileReference; lastKnownFileType = sourcecode.swift; path = ProductPictureCell.swift; sourceTree = "<group>"; };
		B9B6D950298ED6CE00A094CF /* ProductPriceCell.swift */ = {isa = PBXFileReference; lastKnownFileType = sourcecode.swift; path = ProductPriceCell.swift; sourceTree = "<group>"; };
		B9B6D952298ED70200A094CF /* ProductRatingCell.swift */ = {isa = PBXFileReference; lastKnownFileType = sourcecode.swift; path = ProductRatingCell.swift; sourceTree = "<group>"; };
		B9B6D954298ED73800A094CF /* ProductReviewsCell.swift */ = {isa = PBXFileReference; lastKnownFileType = sourcecode.swift; path = ProductReviewsCell.swift; sourceTree = "<group>"; };
		B9B6D956298ED76B00A094CF /* ProductDescriptionCell.swift */ = {isa = PBXFileReference; lastKnownFileType = sourcecode.swift; path = ProductDescriptionCell.swift; sourceTree = "<group>"; };
		B9B6D959298ED7F000A094CF /* ProductTagView.swift */ = {isa = PBXFileReference; lastKnownFileType = sourcecode.swift; path = ProductTagView.swift; sourceTree = "<group>"; };
		B9B6D963298ED8A100A094CF /* QuantityControl.swift */ = {isa = PBXFileReference; lastKnownFileType = sourcecode.swift; path = QuantityControl.swift; sourceTree = "<group>"; };
		B9B6D965298ED8D600A094CF /* AddToBasketButton.swift */ = {isa = PBXFileReference; lastKnownFileType = sourcecode.swift; path = AddToBasketButton.swift; sourceTree = "<group>"; };
		B9D2654F297FF807009E7447 /* RegisterAssembler.swift */ = {isa = PBXFileReference; lastKnownFileType = sourcecode.swift; path = RegisterAssembler.swift; sourceTree = "<group>"; };
		B9D26551297FF839009E7447 /* RegisterInteractor.swift */ = {isa = PBXFileReference; lastKnownFileType = sourcecode.swift; path = RegisterInteractor.swift; sourceTree = "<group>"; };
		B9D26553297FF874009E7447 /* RegisterPresenter.swift */ = {isa = PBXFileReference; lastKnownFileType = sourcecode.swift; path = RegisterPresenter.swift; sourceTree = "<group>"; };
		B9D26555297FF8AA009E7447 /* RegisterRouter.swift */ = {isa = PBXFileReference; lastKnownFileType = sourcecode.swift; path = RegisterRouter.swift; sourceTree = "<group>"; };
		B9D26557297FF8D8009E7447 /* RegisterView.swift */ = {isa = PBXFileReference; lastKnownFileType = sourcecode.swift; path = RegisterView.swift; sourceTree = "<group>"; };
		B9D26559297FF91C009E7447 /* RegisterViewController.swift */ = {isa = PBXFileReference; lastKnownFileType = sourcecode.swift; path = RegisterViewController.swift; sourceTree = "<group>"; };
		B9D2655B297FFA4E009E7447 /* UserAuth.swift */ = {isa = PBXFileReference; lastKnownFileType = sourcecode.swift; path = UserAuth.swift; sourceTree = "<group>"; };
		B9D2655D297FFA78009E7447 /* UserSession.swift */ = {isa = PBXFileReference; lastKnownFileType = sourcecode.swift; path = UserSession.swift; sourceTree = "<group>"; };
		B9D2655F297FFD62009E7447 /* BasketRequestFactory.swift */ = {isa = PBXFileReference; lastKnownFileType = sourcecode.swift; path = BasketRequestFactory.swift; sourceTree = "<group>"; };
		B9D2656129800080009E7447 /* BasketResult.swift */ = {isa = PBXFileReference; lastKnownFileType = sourcecode.swift; path = BasketResult.swift; sourceTree = "<group>"; };
		B9D2656329800180009E7447 /* GetBasketResult.swift */ = {isa = PBXFileReference; lastKnownFileType = sourcecode.swift; path = GetBasketResult.swift; sourceTree = "<group>"; };
		B9D26565298003AC009E7447 /* DeleteBasketResult.swift */ = {isa = PBXFileReference; lastKnownFileType = sourcecode.swift; path = DeleteBasketResult.swift; sourceTree = "<group>"; };
		B9D2656729800422009E7447 /* AddBasketResult.swift */ = {isa = PBXFileReference; lastKnownFileType = sourcecode.swift; path = AddBasketResult.swift; sourceTree = "<group>"; };
		B9D265692980048B009E7447 /* Basket.swift */ = {isa = PBXFileReference; lastKnownFileType = sourcecode.swift; path = Basket.swift; sourceTree = "<group>"; };
		B9D2656B29800637009E7447 /* Review.swift */ = {isa = PBXFileReference; lastKnownFileType = sourcecode.swift; path = Review.swift; sourceTree = "<group>"; };
		B9D2656D2980065C009E7447 /* AddReviewResult.swift */ = {isa = PBXFileReference; lastKnownFileType = sourcecode.swift; path = AddReviewResult.swift; sourceTree = "<group>"; };
		B9D2656F29800690009E7447 /* ApproveReviewResult.swift */ = {isa = PBXFileReference; lastKnownFileType = sourcecode.swift; path = ApproveReviewResult.swift; sourceTree = "<group>"; };
		B9D26571298006B5009E7447 /* RemoveReviewResult.swift */ = {isa = PBXFileReference; lastKnownFileType = sourcecode.swift; path = RemoveReviewResult.swift; sourceTree = "<group>"; };
		B9D2657329800711009E7447 /* ReviewRequestFactory.swift */ = {isa = PBXFileReference; lastKnownFileType = sourcecode.swift; path = ReviewRequestFactory.swift; sourceTree = "<group>"; };
		B9D2657529800739009E7447 /* Reviews.swift */ = {isa = PBXFileReference; lastKnownFileType = sourcecode.swift; path = Reviews.swift; sourceTree = "<group>"; };
		B9D26578298007CF009E7447 /* AuthAssembler.swift */ = {isa = PBXFileReference; lastKnownFileType = sourcecode.swift; path = AuthAssembler.swift; sourceTree = "<group>"; };
		B9D2657A298007F8009E7447 /* AuthInteractor.swift */ = {isa = PBXFileReference; lastKnownFileType = sourcecode.swift; path = AuthInteractor.swift; sourceTree = "<group>"; };
		B9D2657C29800824009E7447 /* AuthPresenter.swift */ = {isa = PBXFileReference; lastKnownFileType = sourcecode.swift; path = AuthPresenter.swift; sourceTree = "<group>"; };
		B9D2657E2980084E009E7447 /* AuthRouter.swift */ = {isa = PBXFileReference; lastKnownFileType = sourcecode.swift; path = AuthRouter.swift; sourceTree = "<group>"; };
		B9D2658029800885009E7447 /* AuthView.swift */ = {isa = PBXFileReference; lastKnownFileType = sourcecode.swift; path = AuthView.swift; sourceTree = "<group>"; };
		B9D26582298008BB009E7447 /* AuthViewController.swift */ = {isa = PBXFileReference; lastKnownFileType = sourcecode.swift; path = AuthViewController.swift; sourceTree = "<group>"; };
		B9D2658529800B31009E7447 /* MainAssembler.swift */ = {isa = PBXFileReference; lastKnownFileType = sourcecode.swift; path = MainAssembler.swift; sourceTree = "<group>"; };
		B9D2658729800B5C009E7447 /* MainInteractor.swift */ = {isa = PBXFileReference; lastKnownFileType = sourcecode.swift; path = MainInteractor.swift; sourceTree = "<group>"; };
		B9D2658929800B8E009E7447 /* MainPresenter.swift */ = {isa = PBXFileReference; lastKnownFileType = sourcecode.swift; path = MainPresenter.swift; sourceTree = "<group>"; };
		B9D2658B29800BB7009E7447 /* MainRouter.swift */ = {isa = PBXFileReference; lastKnownFileType = sourcecode.swift; path = MainRouter.swift; sourceTree = "<group>"; };
		B9D2658D29800BE9009E7447 /* MainView.swift */ = {isa = PBXFileReference; lastKnownFileType = sourcecode.swift; path = MainView.swift; sourceTree = "<group>"; };
		B9D2658F29800C1D009E7447 /* MainViewController.swift */ = {isa = PBXFileReference; lastKnownFileType = sourcecode.swift; path = MainViewController.swift; sourceTree = "<group>"; };
		B9D265A929803281009E7447 /* Alamofire.xcodeproj */ = {isa = PBXFileReference; lastKnownFileType = "wrapper.pb-project"; name = Alamofire.xcodeproj; path = "../../../Documents/Копия GBShop/Alamofire-master/Alamofire.xcodeproj"; sourceTree = "<group>"; };
		B9E264912959B87B0051EC27 /* ErrorParser.swift */ = {isa = PBXFileReference; lastKnownFileType = sourcecode.swift; name = ErrorParser.swift; path = ../ErrorParser.swift; sourceTree = "<group>"; };
		B9E264932959B8DF0051EC27 /* AbstractErrorParser.swift */ = {isa = PBXFileReference; lastKnownFileType = sourcecode.swift; name = AbstractErrorParser.swift; path = ../AbstractErrorParser.swift; sourceTree = "<group>"; };
		B9E264952959B94F0051EC27 /* DataRequest.swift */ = {isa = PBXFileReference; lastKnownFileType = sourcecode.swift; name = DataRequest.swift; path = ../DataRequest.swift; sourceTree = "<group>"; };
		B9E264BF2959C3E20051EC27 /* RequestRouter.swift */ = {isa = PBXFileReference; lastKnownFileType = sourcecode.swift; name = RequestRouter.swift; path = ../RequestRouter.swift; sourceTree = "<group>"; };
		B9E264C12959C5370051EC27 /* LoginResult.swift */ = {isa = PBXFileReference; lastKnownFileType = sourcecode.swift; name = LoginResult.swift; path = ../../LoginResult.swift; sourceTree = "<group>"; };
		B9E264C32959C54F0051EC27 /* User.swift */ = {isa = PBXFileReference; lastKnownFileType = sourcecode.swift; name = User.swift; path = ../../User.swift; sourceTree = "<group>"; };
		B9E264C62959C6F00051EC27 /* AuthRequestFactory.swift */ = {isa = PBXFileReference; lastKnownFileType = sourcecode.swift; path = AuthRequestFactory.swift; sourceTree = "<group>"; };
		B9E264C82959C7920051EC27 /* Auth.swift */ = {isa = PBXFileReference; lastKnownFileType = sourcecode.swift; path = Auth.swift; sourceTree = "<group>"; };
		B9E264CA2959C9730051EC27 /* RequestFactory.swift */ = {isa = PBXFileReference; lastKnownFileType = sourcecode.swift; path = RequestFactory.swift; sourceTree = "<group>"; };
		B9E264CC2959D1800051EC27 /* AbstractRequestFactory.swift */ = {isa = PBXFileReference; lastKnownFileType = sourcecode.swift; name = AbstractRequestFactory.swift; path = ../AbstractRequestFactory.swift; sourceTree = "<group>"; };
		B9E264CE2959D33F0051EC27 /* LogoutResult.swift */ = {isa = PBXFileReference; lastKnownFileType = sourcecode.swift; name = LogoutResult.swift; path = ../../LogoutResult.swift; sourceTree = "<group>"; };
		B9E264D02959D3A90051EC27 /* ChangeUserDataResult.swift */ = {isa = PBXFileReference; lastKnownFileType = sourcecode.swift; name = ChangeUserDataResult.swift; path = ../../ChangeUserDataResult.swift; sourceTree = "<group>"; };
		B9E264D22959D43E0051EC27 /* RegisterUserResult.swift */ = {isa = PBXFileReference; lastKnownFileType = sourcecode.swift; name = RegisterUserResult.swift; path = ../../RegisterUserResult.swift; sourceTree = "<group>"; };
		B9E264D42959D9C00051EC27 /* RegisterRequestFactory.swift */ = {isa = PBXFileReference; lastKnownFileType = sourcecode.swift; name = RegisterRequestFactory.swift; path = ../../RegisterRequestFactory.swift; sourceTree = "<group>"; };
		B9E264D62959DED00051EC27 /* Register.swift */ = {isa = PBXFileReference; lastKnownFileType = sourcecode.swift; path = Register.swift; sourceTree = "<group>"; };
		B9E264D82959E1BB0051EC27 /* ChangeUserData.swift */ = {isa = PBXFileReference; lastKnownFileType = sourcecode.swift; path = ChangeUserData.swift; sourceTree = "<group>"; };
		B9E264DA2959E2050051EC27 /* ChangeUserDataRequestFactory.swift */ = {isa = PBXFileReference; lastKnownFileType = sourcecode.swift; path = ChangeUserDataRequestFactory.swift; sourceTree = "<group>"; };
		B9F57AE9298BC696007437FB /* ReviewAssembler.swift */ = {isa = PBXFileReference; lastKnownFileType = sourcecode.swift; path = ReviewAssembler.swift; sourceTree = "<group>"; };
		B9F57AEB298BC6D9007437FB /* ReviewInteractor.swift */ = {isa = PBXFileReference; lastKnownFileType = sourcecode.swift; path = ReviewInteractor.swift; sourceTree = "<group>"; };
		B9F57AED298BC71E007437FB /* ReviewPresenter.swift */ = {isa = PBXFileReference; lastKnownFileType = sourcecode.swift; path = ReviewPresenter.swift; sourceTree = "<group>"; };
		B9F57AEF298BC754007437FB /* ReviewRouter.swift */ = {isa = PBXFileReference; lastKnownFileType = sourcecode.swift; path = ReviewRouter.swift; sourceTree = "<group>"; };
		B9F57AF1298BDAC6007437FB /* ReviewViewController.swift */ = {isa = PBXFileReference; lastKnownFileType = sourcecode.swift; path = ReviewViewController.swift; sourceTree = "<group>"; };
		B9F57AF3298BDB2B007437FB /* ReviewView.swift */ = {isa = PBXFileReference; lastKnownFileType = sourcecode.swift; path = ReviewView.swift; sourceTree = "<group>"; };
/* End PBXFileReference section */

/* Begin PBXFrameworksBuildPhase section */
		B9AB102B2951FE8900A6053B /* Frameworks */ = {
			isa = PBXFrameworksBuildPhase;
			buildActionMask = 2147483647;
			files = (
				B9D265C4298032E3009E7447 /* Alamofire.framework in Frameworks */,
			);
			runOnlyForDeploymentPostprocessing = 0;
		};
		B9AB10412951FE9200A6053B /* Frameworks */ = {
			isa = PBXFrameworksBuildPhase;
			buildActionMask = 2147483647;
			files = (
			);
			runOnlyForDeploymentPostprocessing = 0;
		};
		B9AB104B2951FE9200A6053B /* Frameworks */ = {
			isa = PBXFrameworksBuildPhase;
			buildActionMask = 2147483647;
			files = (
			);
			runOnlyForDeploymentPostprocessing = 0;
		};
/* End PBXFrameworksBuildPhase section */

/* Begin PBXGroup section */
		B9389118298D4592005E7A40 /* BasketView */ = {
			isa = PBXGroup;
			children = (
				B9389121298D45DD005E7A40 /* BasketAssembler.swift */,
				B9389123298D460D005E7A40 /* BasketInteractor.swift */,
				B9389125298D4638005E7A40 /* BasketPresenter.swift */,
				B9389127298D4669005E7A40 /* BasketRouter.swift */,
				B9389129298D4692005E7A40 /* BasketView.swift */,
				B938912B298D46BA005E7A40 /* BasketViewController.swift */,
			);
			name = BasketView;
			sourceTree = "<group>";
		};
		B9389130298D8ADF005E7A40 /* CustomViews */ = {
			isa = PBXGroup;
			children = (
				B938913B298D91C8005E7A40 /* Views */,
				B9389134298D8C1C005E7A40 /* Button */,
				B9389131298D8B5E005E7A40 /* Cell */,
				B9AA9122298197700036AA31 /* CategoryHeaderView */,
				B97D5311298313D700080FA1 /* Banner */,
			);
			path = CustomViews;
			sourceTree = "<group>";
		};
		B9389131298D8B5E005E7A40 /* Cell */ = {
			isa = PBXGroup;
			children = (
				B938912E298D8A50005E7A40 /* BasketCell.swift */,
				B9AA912D2981981A0036AA31 /* CategoryCell.swift */,
				B9AA912F298198C40036AA31 /* ProductCell.swift */,
				B9389132298D8BBB005E7A40 /* BaseTableCell.swift */,
				B9B6D942298ED53B00A094CF /* CatalogCell.swift */,
				B9B6D94E298ED65B00A094CF /* ProductPictureCell.swift */,
				B9B6D950298ED6CE00A094CF /* ProductPriceCell.swift */,
				B9B6D952298ED70200A094CF /* ProductRatingCell.swift */,
				B9B6D954298ED73800A094CF /* ProductReviewsCell.swift */,
				B9B6D956298ED76B00A094CF /* ProductDescriptionCell.swift */,
			);
			name = Cell;
			sourceTree = "<group>";
		};
		B9389134298D8C1C005E7A40 /* Button */ = {
			isa = PBXGroup;
			children = (
				B9389135298D8C6F005E7A40 /* DeleteButton.swift */,
				B9389137298D8FB2005E7A40 /* QuantityButton.swift */,
				B938913E298D9229005E7A40 /* UIButton.swift */,
				B9B6D931298E9FBB00A094CF /* ClearBasketButton.swift */,
				B9B6D933298EA07700A094CF /* BuyButton.swift */,
				B9B6D965298ED8D600A094CF /* AddToBasketButton.swift */,
			);
			name = Button;
			sourceTree = "<group>";
		};
		B938913B298D91C8005E7A40 /* Views */ = {
			isa = PBXGroup;
			children = (
				B938913C298D91DD005E7A40 /* UIView.swift */,
				B9389140298D929F005E7A40 /* OptionButtonsDelegate.swift */,
				B9B6D959298ED7F000A094CF /* ProductTagView.swift */,
				B9B6D963298ED8A100A094CF /* QuantityControl.swift */,
			);
			name = Views;
			sourceTree = "<group>";
		};
		B9389144298E8218005E7A40 /* TestData */ = {
			isa = PBXGroup;
			children = (
				B938914D298E8230005E7A40 /* BasketDataSingleton.swift */,
				B9B6D937298EBB1E00A094CF /* Resources.swift */,
			);
			name = TestData;
			sourceTree = "<group>";
		};
		B950D0032981B8480034101E /* Environments */ = {
			isa = PBXGroup;
			children = (
				B9AB103F2951FE9100A6053B /* Info.plist */,
			);
			name = Environments;
			sourceTree = "<group>";
		};
		B97D5311298313D700080FA1 /* Banner */ = {
			isa = PBXGroup;
			children = (
				B9AA913329819DD00036AA31 /* BannerCollectionCell.swift */,
				B9AA913129819D9D0036AA31 /* BannerCell.swift */,
			);
			path = Banner;
			sourceTree = "<group>";
		};
		B9AA9122298197700036AA31 /* CategoryHeaderView */ = {
			isa = PBXGroup;
			children = (
				B9AA912B2981978C0036AA31 /* CategoryHeaderView.swift */,
			);
			path = CategoryHeaderView;
			sourceTree = "<group>";
		};
		B9AB10252951FE8800A6053B = {
			isa = PBXGroup;
			children = (
				B9D265A929803281009E7447 /* Alamofire.xcodeproj */,
				B9AB10302951FE8900A6053B /* GBShop */,
				B9AB10472951FE9200A6053B /* GBShopTests */,
				B9AB10512951FE9200A6053B /* GBShopUITests */,
				B9AB102F2951FE8900A6053B /* Products */,
				B9E264BB2959BDD30051EC27 /* Frameworks */,
			);
			sourceTree = "<group>";
		};
		B9AB102F2951FE8900A6053B /* Products */ = {
			isa = PBXGroup;
			children = (
				B9AB102E2951FE8900A6053B /* GBShop.app */,
				B9AB10442951FE9200A6053B /* GBShopTests.xctest */,
				B9AB104E2951FE9200A6053B /* GBShopUITests.xctest */,
			);
			name = Products;
			sourceTree = "<group>";
		};
		B9AB10302951FE8900A6053B /* GBShop */ = {
			isa = PBXGroup;
			children = (
				B9B10EDF2979A4D600816C3E /* App */,
				B9B10EDD2979A45900816C3E /* Core */,
				B9FBCD1D29521B30000FBE61 /* Resources */,
				B9AB10332951FE8900A6053B /* SceneDelegate.swift */,
				B950D0032981B8480034101E /* Environments */,
			);
			path = GBShop;
			sourceTree = "<group>";
		};
		B9AB10472951FE9200A6053B /* GBShopTests */ = {
			isa = PBXGroup;
			children = (
				B9AB10482951FE9200A6053B /* GBShopTests.swift */,
				B99F4601295D9B7A00FC61E3 /* ResponseCodableTests.swift */,
			);
			path = GBShopTests;
			sourceTree = "<group>";
		};
		B9AB10512951FE9200A6053B /* GBShopUITests */ = {
			isa = PBXGroup;
			children = (
				B9AB10522951FE9200A6053B /* GBShopUITests.swift */,
				B9AB10542951FE9200A6053B /* GBShopUITestsLaunchTests.swift */,
			);
			path = GBShopUITests;
			sourceTree = "<group>";
		};
		B9B10EDD2979A45900816C3E /* Core */ = {
			isa = PBXGroup;
			children = (
				B9B10EDE2979A46A00816C3E /* Network */,
			);
			path = Core;
			sourceTree = "<group>";
		};
		B9B10EDE2979A46A00816C3E /* Network */ = {
			isa = PBXGroup;
			children = (
				B9E264912959B87B0051EC27 /* ErrorParser.swift */,
				B9E264932959B8DF0051EC27 /* AbstractErrorParser.swift */,
				B9E264CC2959D1800051EC27 /* AbstractRequestFactory.swift */,
				B9E264952959B94F0051EC27 /* DataRequest.swift */,
				B9E264BF2959C3E20051EC27 /* RequestRouter.swift */,
			);
			name = Network;
			sourceTree = "<group>";
		};
		B9B10EDF2979A4D600816C3E /* App */ = {
			isa = PBXGroup;
			children = (
				B9AB10312951FE8900A6053B /* AppDelegate.swift */,
				B99F4614295DD40800FC61E3 /* ViewController.swift */,
				B9B10EE42979A55500816C3E /* BusinessLogic */,
				B9B10EE32979A53D00816C3E /* Entity */,
				B9B10EE22979A52700816C3E /* Assembly */,
				B9B10EE12979A51500816C3E /* Flows */,
			);
			path = App;
			sourceTree = "<group>";
		};
		B9B10EE12979A51500816C3E /* Flows */ = {
			isa = PBXGroup;
			children = (
				B9B6D935298EB3EC00A094CF /* Controllers */,
				B9389130298D8ADF005E7A40 /* CustomViews */,
				B9389118298D4592005E7A40 /* BasketView */,
				B9F57AE0298BC44A007437FB /* ReviewView */,
				B9D2658429800B04009E7447 /* MainView */,
				B9D26577298007B2009E7447 /* AuthView */,
				B9D2654E297FF7D1009E7447 /* RegicterView */,
				B9B10EF92979B06100816C3E /* UserView */,
				B9B10EF62979B01000816C3E /* TabBar */,
			);
			path = Flows;
			sourceTree = "<group>";
		};
		B9B10EE22979A52700816C3E /* Assembly */ = {
			isa = PBXGroup;
			children = (
			);
			name = Assembly;
			sourceTree = "<group>";
		};
		B9B10EE32979A53D00816C3E /* Entity */ = {
			isa = PBXGroup;
			children = (
				B9389144298E8218005E7A40 /* TestData */,
				B9B10EEF2979A72000816C3E /* Product */,
				B9B10EEE2979A71400816C3E /* Basket */,
				B9B10EED2979A6FD00816C3E /* Review */,
				B9B10EEC2979A6F300816C3E /* User */,
			);
			path = Entity;
			sourceTree = "<group>";
		};
		B9B10EE42979A55500816C3E /* BusinessLogic */ = {
			isa = PBXGroup;
			children = (
				B9B10EE52979A59D00816C3E /* Network */,
			);
			name = BusinessLogic;
			sourceTree = "<group>";
		};
		B9B10EE52979A59D00816C3E /* Network */ = {
			isa = PBXGroup;
			children = (
				B9E264CA2959C9730051EC27 /* RequestFactory.swift */,
				B9B10EEB2979A68D00816C3E /* Auth */,
				B9B10EEA2979A65A00816C3E /* Register */,
				B9B10EE92979A62E00816C3E /* ChangeUserData */,
				B9B10EE82979A5F900816C3E /* Product */,
				B9B10EE72979A5E800816C3E /* Basket */,
				B9B10EE62979A5CB00816C3E /* Reviews */,
			);
			path = Network;
			sourceTree = "<group>";
		};
		B9B10EE62979A5CB00816C3E /* Reviews */ = {
			isa = PBXGroup;
			children = (
				B9D2657329800711009E7447 /* ReviewRequestFactory.swift */,
				B9D2657529800739009E7447 /* Reviews.swift */,
			);
			name = Reviews;
			sourceTree = "<group>";
		};
		B9B10EE72979A5E800816C3E /* Basket */ = {
			isa = PBXGroup;
			children = (
				B9D2655F297FFD62009E7447 /* BasketRequestFactory.swift */,
				B9D265692980048B009E7447 /* Basket.swift */,
			);
			path = Basket;
			sourceTree = "<group>";
		};
		B9B10EE82979A5F900816C3E /* Product */ = {
			isa = PBXGroup;
			children = (
				B99F4612295DBC2A00FC61E3 /* Products.swift */,
				B99F4610295DB71400FC61E3 /* ProductRequestFactory.swift */,
			);
			name = Product;
			sourceTree = "<group>";
		};
		B9B10EE92979A62E00816C3E /* ChangeUserData */ = {
			isa = PBXGroup;
			children = (
				B9E264DA2959E2050051EC27 /* ChangeUserDataRequestFactory.swift */,
				B9E264D82959E1BB0051EC27 /* ChangeUserData.swift */,
			);
			path = ChangeUserData;
			sourceTree = "<group>";
		};
		B9B10EEA2979A65A00816C3E /* Register */ = {
			isa = PBXGroup;
			children = (
				B9E264D42959D9C00051EC27 /* RegisterRequestFactory.swift */,
				B9E264D62959DED00051EC27 /* Register.swift */,
			);
			name = Register;
			sourceTree = "<group>";
		};
		B9B10EEB2979A68D00816C3E /* Auth */ = {
			isa = PBXGroup;
			children = (
				B9E264C82959C7920051EC27 /* Auth.swift */,
				B9E264C62959C6F00051EC27 /* AuthRequestFactory.swift */,
			);
			path = Auth;
			sourceTree = "<group>";
		};
		B9B10EEC2979A6F300816C3E /* User */ = {
			isa = PBXGroup;
			children = (
				B9D2655B297FFA4E009E7447 /* UserAuth.swift */,
				B9E264C12959C5370051EC27 /* LoginResult.swift */,
				B9E264CE2959D33F0051EC27 /* LogoutResult.swift */,
				B9E264D22959D43E0051EC27 /* RegisterUserResult.swift */,
				B9E264D02959D3A90051EC27 /* ChangeUserDataResult.swift */,
				B9E264C32959C54F0051EC27 /* User.swift */,
				B9D2655D297FFA78009E7447 /* UserSession.swift */,
			);
			name = User;
			sourceTree = "<group>";
		};
		B9B10EED2979A6FD00816C3E /* Review */ = {
			isa = PBXGroup;
			children = (
				B9D2656B29800637009E7447 /* Review.swift */,
				B9D2656D2980065C009E7447 /* AddReviewResult.swift */,
				B9D2656F29800690009E7447 /* ApproveReviewResult.swift */,
				B9D26571298006B5009E7447 /* RemoveReviewResult.swift */,
			);
			path = Review;
			sourceTree = "<group>";
		};
		B9B10EEE2979A71400816C3E /* Basket */ = {
			isa = PBXGroup;
			children = (
				B9D2656129800080009E7447 /* BasketResult.swift */,
				B9D2656329800180009E7447 /* GetBasketResult.swift */,
				B9D26565298003AC009E7447 /* DeleteBasketResult.swift */,
				B9D2656729800422009E7447 /* AddBasketResult.swift */,
			);
			name = Basket;
			sourceTree = "<group>";
		};
		B9B10EEF2979A72000816C3E /* Product */ = {
			isa = PBXGroup;
			children = (
				B99F4604295DB45D00FC61E3 /* ProductResult.swift */,
				B9B10EF02979ABA800816C3E /* CatalogDataResult.swift */,
				B9AA913529819EF90036AA31 /* Category.swift */,
			);
			path = Product;
			sourceTree = "<group>";
		};
		B9B10EF62979B01000816C3E /* TabBar */ = {
			isa = PBXGroup;
			children = (
				B9B10EF42979AFA400816C3E /* TabBarBuilder.swift */,
				B9B10EF72979B03900816C3E /* TabBarController.swift */,
			);
			name = TabBar;
			sourceTree = "<group>";
		};
		B9B10EF92979B06100816C3E /* UserView */ = {
			isa = PBXGroup;
			children = (
				B9B10EFA2979B0E400816C3E /* UserViewInteractor.swift */,
				B9B10EFC2979B10C00816C3E /* UserViewPresenter.swift */,
				B9B10EFE2979B12400816C3E /* UserViewRouter.swift */,
				B9B10F002979B14000816C3E /* UserViewAssembler.swift */,
				B9B10F022979B15200816C3E /* UserView.swift */,
				B9B10F042979B16B00816C3E /* UserViewController.swift */,
			);
			path = UserView;
			sourceTree = "<group>";
		};
		B9B6D935298EB3EC00A094CF /* Controllers */ = {
			isa = PBXGroup;
			children = (
				B9B6D927298E9F5300A094CF /* BaseViewController.swift */,
			);
			name = Controllers;
			sourceTree = "<group>";
		};
		B9D2654E297FF7D1009E7447 /* RegicterView */ = {
			isa = PBXGroup;
			children = (
				B9D2654F297FF807009E7447 /* RegisterAssembler.swift */,
				B9D26551297FF839009E7447 /* RegisterInteractor.swift */,
				B9D26553297FF874009E7447 /* RegisterPresenter.swift */,
				B9D26555297FF8AA009E7447 /* RegisterRouter.swift */,
				B9D26557297FF8D8009E7447 /* RegisterView.swift */,
				B9D26559297FF91C009E7447 /* RegisterViewController.swift */,
			);
			name = RegicterView;
			sourceTree = "<group>";
		};
		B9D26577298007B2009E7447 /* AuthView */ = {
			isa = PBXGroup;
			children = (
				B9D26578298007CF009E7447 /* AuthAssembler.swift */,
				B9D2657A298007F8009E7447 /* AuthInteractor.swift */,
				B9D2657C29800824009E7447 /* AuthPresenter.swift */,
				B9D2657E2980084E009E7447 /* AuthRouter.swift */,
				B9D2658029800885009E7447 /* AuthView.swift */,
				B9D26582298008BB009E7447 /* AuthViewController.swift */,
			);
			path = AuthView;
			sourceTree = "<group>";
		};
		B9D2658429800B04009E7447 /* MainView */ = {
			isa = PBXGroup;
			children = (
				B9D2658529800B31009E7447 /* MainAssembler.swift */,
				B9D2658729800B5C009E7447 /* MainInteractor.swift */,
				B9D2658929800B8E009E7447 /* MainPresenter.swift */,
				B9D2658B29800BB7009E7447 /* MainRouter.swift */,
				B9D2658D29800BE9009E7447 /* MainView.swift */,
				B9D2658F29800C1D009E7447 /* MainViewController.swift */,
				B9B6D94C298ED5C200A094CF /* ProductViewController.swift */,
			);
			name = MainView;
			sourceTree = "<group>";
		};
		B9D265AA29803281009E7447 /* Products */ = {
			isa = PBXGroup;
			children = (
				B9D265B529803281009E7447 /* Alamofire.framework */,
				B9D265B729803281009E7447 /* Alamofire iOS Tests.xctest */,
				B9D265B929803281009E7447 /* Alamofire.framework */,
				B9D265BB29803281009E7447 /* Alamofire macOS Tests.xctest */,
				B9D265BD29803281009E7447 /* Alamofire.framework */,
				B9D265BF29803281009E7447 /* Alamofire tvOS Tests.xctest */,
				B9D265C129803281009E7447 /* Alamofire.framework */,
				B9D265C329803281009E7447 /* Alamofire watchOS Tests.xctest */,
			);
			name = Products;
			sourceTree = "<group>";
		};
		B9E264BB2959BDD30051EC27 /* Frameworks */ = {
			isa = PBXGroup;
			children = (
			);
			name = Frameworks;
			sourceTree = "<group>";
		};
		B9F57AE0298BC44A007437FB /* ReviewView */ = {
			isa = PBXGroup;
			children = (
				B9F57AE9298BC696007437FB /* ReviewAssembler.swift */,
				B9F57AEB298BC6D9007437FB /* ReviewInteractor.swift */,
				B9F57AED298BC71E007437FB /* ReviewPresenter.swift */,
				B9F57AEF298BC754007437FB /* ReviewRouter.swift */,
				B9F57AF1298BDAC6007437FB /* ReviewViewController.swift */,
				B9F57AF3298BDB2B007437FB /* ReviewView.swift */,
			);
			path = ReviewView;
			sourceTree = "<group>";
		};
		B9FBCD1D29521B30000FBE61 /* Resources */ = {
			isa = PBXGroup;
			children = (
				B9AB103C2951FE9100A6053B /* LaunchScreen.storyboard */,
				B9AB103A2951FE9100A6053B /* Assets.xcassets */,
			);
			name = Resources;
			sourceTree = "<group>";
		};
/* End PBXGroup section */

/* Begin PBXNativeTarget section */
		B9AB102D2951FE8900A6053B /* GBShop */ = {
			isa = PBXNativeTarget;
			buildConfigurationList = B9AB10582951FE9200A6053B /* Build configuration list for PBXNativeTarget "GBShop" */;
			buildPhases = (
				B9AB102A2951FE8900A6053B /* Sources */,
				B9AB102B2951FE8900A6053B /* Frameworks */,
				B9AB102C2951FE8900A6053B /* Resources */,
				B9D265C6298032E3009E7447 /* Embed Frameworks */,
			);
			buildRules = (
			);
			dependencies = (
			);
			name = GBShop;
			packageProductDependencies = (
			);
			productName = GBShop;
			productReference = B9AB102E2951FE8900A6053B /* GBShop.app */;
			productType = "com.apple.product-type.application";
		};
		B9AB10432951FE9200A6053B /* GBShopTests */ = {
			isa = PBXNativeTarget;
			buildConfigurationList = B9AB105B2951FE9200A6053B /* Build configuration list for PBXNativeTarget "GBShopTests" */;
			buildPhases = (
				B9AB10402951FE9200A6053B /* Sources */,
				B9AB10412951FE9200A6053B /* Frameworks */,
				B9AB10422951FE9200A6053B /* Resources */,
			);
			buildRules = (
			);
			dependencies = (
				B9AB10462951FE9200A6053B /* PBXTargetDependency */,
			);
			name = GBShopTests;
			productName = GBShopTests;
			productReference = B9AB10442951FE9200A6053B /* GBShopTests.xctest */;
			productType = "com.apple.product-type.bundle.unit-test";
		};
		B9AB104D2951FE9200A6053B /* GBShopUITests */ = {
			isa = PBXNativeTarget;
			buildConfigurationList = B9AB105E2951FE9200A6053B /* Build configuration list for PBXNativeTarget "GBShopUITests" */;
			buildPhases = (
				B9AB104A2951FE9200A6053B /* Sources */,
				B9AB104B2951FE9200A6053B /* Frameworks */,
				B9AB104C2951FE9200A6053B /* Resources */,
			);
			buildRules = (
			);
			dependencies = (
				B9AB10502951FE9200A6053B /* PBXTargetDependency */,
			);
			name = GBShopUITests;
			productName = GBShopUITests;
			productReference = B9AB104E2951FE9200A6053B /* GBShopUITests.xctest */;
			productType = "com.apple.product-type.bundle.ui-testing";
		};
/* End PBXNativeTarget section */

/* Begin PBXProject section */
		B9AB10262951FE8800A6053B /* Project object */ = {
			isa = PBXProject;
			attributes = {
				BuildIndependentTargetsInParallel = 1;
				LastSwiftUpdateCheck = 1420;
				LastUpgradeCheck = 1420;
				TargetAttributes = {
					B9AB102D2951FE8900A6053B = {
						CreatedOnToolsVersion = 14.2;
					};
					B9AB10432951FE9200A6053B = {
						CreatedOnToolsVersion = 14.2;
						TestTargetID = B9AB102D2951FE8900A6053B;
					};
					B9AB104D2951FE9200A6053B = {
						CreatedOnToolsVersion = 14.2;
						TestTargetID = B9AB102D2951FE8900A6053B;
					};
				};
			};
			buildConfigurationList = B9AB10292951FE8800A6053B /* Build configuration list for PBXProject "GBShop" */;
			compatibilityVersion = "Xcode 14.0";
			developmentRegion = en;
			hasScannedForEncodings = 0;
			knownRegions = (
				en,
				Base,
			);
			mainGroup = B9AB10252951FE8800A6053B;
			packageReferences = (
				B9D265A629803025009E7447 /* XCRemoteSwiftPackageReference "Alamofire" */,
			);
			productRefGroup = B9AB102F2951FE8900A6053B /* Products */;
			projectDirPath = "";
			projectReferences = (
				{
					ProductGroup = B9D265AA29803281009E7447 /* Products */;
					ProjectRef = B9D265A929803281009E7447 /* Alamofire.xcodeproj */;
				},
			);
			projectRoot = "";
			targets = (
				B9AB102D2951FE8900A6053B /* GBShop */,
				B9AB10432951FE9200A6053B /* GBShopTests */,
				B9AB104D2951FE9200A6053B /* GBShopUITests */,
			);
		};
/* End PBXProject section */

/* Begin PBXReferenceProxy section */
		B9D265B529803281009E7447 /* Alamofire.framework */ = {
			isa = PBXReferenceProxy;
			fileType = wrapper.framework;
			path = Alamofire.framework;
			remoteRef = B9D265B429803281009E7447 /* PBXContainerItemProxy */;
			sourceTree = BUILT_PRODUCTS_DIR;
		};
		B9D265B729803281009E7447 /* Alamofire iOS Tests.xctest */ = {
			isa = PBXReferenceProxy;
			fileType = wrapper.cfbundle;
			path = "Alamofire iOS Tests.xctest";
			remoteRef = B9D265B629803281009E7447 /* PBXContainerItemProxy */;
			sourceTree = BUILT_PRODUCTS_DIR;
		};
		B9D265B929803281009E7447 /* Alamofire.framework */ = {
			isa = PBXReferenceProxy;
			fileType = wrapper.framework;
			path = Alamofire.framework;
			remoteRef = B9D265B829803281009E7447 /* PBXContainerItemProxy */;
			sourceTree = BUILT_PRODUCTS_DIR;
		};
		B9D265BB29803281009E7447 /* Alamofire macOS Tests.xctest */ = {
			isa = PBXReferenceProxy;
			fileType = wrapper.cfbundle;
			path = "Alamofire macOS Tests.xctest";
			remoteRef = B9D265BA29803281009E7447 /* PBXContainerItemProxy */;
			sourceTree = BUILT_PRODUCTS_DIR;
		};
		B9D265BD29803281009E7447 /* Alamofire.framework */ = {
			isa = PBXReferenceProxy;
			fileType = wrapper.framework;
			path = Alamofire.framework;
			remoteRef = B9D265BC29803281009E7447 /* PBXContainerItemProxy */;
			sourceTree = BUILT_PRODUCTS_DIR;
		};
		B9D265BF29803281009E7447 /* Alamofire tvOS Tests.xctest */ = {
			isa = PBXReferenceProxy;
			fileType = wrapper.cfbundle;
			path = "Alamofire tvOS Tests.xctest";
			remoteRef = B9D265BE29803281009E7447 /* PBXContainerItemProxy */;
			sourceTree = BUILT_PRODUCTS_DIR;
		};
		B9D265C129803281009E7447 /* Alamofire.framework */ = {
			isa = PBXReferenceProxy;
			fileType = wrapper.framework;
			path = Alamofire.framework;
			remoteRef = B9D265C029803281009E7447 /* PBXContainerItemProxy */;
			sourceTree = BUILT_PRODUCTS_DIR;
		};
		B9D265C329803281009E7447 /* Alamofire watchOS Tests.xctest */ = {
			isa = PBXReferenceProxy;
			fileType = wrapper.cfbundle;
			path = "Alamofire watchOS Tests.xctest";
			remoteRef = B9D265C229803281009E7447 /* PBXContainerItemProxy */;
			sourceTree = BUILT_PRODUCTS_DIR;
		};
/* End PBXReferenceProxy section */

/* Begin PBXResourcesBuildPhase section */
		B9AB102C2951FE8900A6053B /* Resources */ = {
			isa = PBXResourcesBuildPhase;
			buildActionMask = 2147483647;
			files = (
				B9AB103E2951FE9100A6053B /* LaunchScreen.storyboard in Resources */,
				B9AB103B2951FE9100A6053B /* Assets.xcassets in Resources */,
			);
			runOnlyForDeploymentPostprocessing = 0;
		};
		B9AB10422951FE9200A6053B /* Resources */ = {
			isa = PBXResourcesBuildPhase;
			buildActionMask = 2147483647;
			files = (
			);
			runOnlyForDeploymentPostprocessing = 0;
		};
		B9AB104C2951FE9200A6053B /* Resources */ = {
			isa = PBXResourcesBuildPhase;
			buildActionMask = 2147483647;
			files = (
			);
			runOnlyForDeploymentPostprocessing = 0;
		};
/* End PBXResourcesBuildPhase section */

/* Begin PBXSourcesBuildPhase section */
		B9AB102A2951FE8900A6053B /* Sources */ = {
			isa = PBXSourcesBuildPhase;
			buildActionMask = 2147483647;
			files = (
				B9E264CB2959C9730051EC27 /* RequestFactory.swift in Sources */,
				B9B6D95A298ED7F000A094CF /* ProductTagView.swift in Sources */,
				B9D26552297FF839009E7447 /* RegisterInteractor.swift in Sources */,
				B9F57AF2298BDAC6007437FB /* ReviewViewController.swift in Sources */,
				B9E264D72959DED00051EC27 /* Register.swift in Sources */,
				B9AB10322951FE8900A6053B /* AppDelegate.swift in Sources */,
				B9D2657029800690009E7447 /* ApproveReviewResult.swift in Sources */,
				B9B6D94D298ED5C200A094CF /* ProductViewController.swift in Sources */,
				B9B6D964298ED8A100A094CF /* QuantityControl.swift in Sources */,
				B938912A298D4692005E7A40 /* BasketView.swift in Sources */,
				B9AA912C2981978C0036AA31 /* CategoryHeaderView.swift in Sources */,
				B9B10F032979B15200816C3E /* UserView.swift in Sources */,
				B9B10EF82979B03900816C3E /* TabBarController.swift in Sources */,
				B9D2656229800080009E7447 /* BasketResult.swift in Sources */,
				B9F57AF0298BC754007437FB /* ReviewRouter.swift in Sources */,
				B9D2658C29800BB7009E7447 /* MainRouter.swift in Sources */,
				B9D2658E29800BE9009E7447 /* MainView.swift in Sources */,
				B9B6D934298EA07700A094CF /* BuyButton.swift in Sources */,
				B9D2657D29800824009E7447 /* AuthPresenter.swift in Sources */,
				B9E264CF2959D33F0051EC27 /* LogoutResult.swift in Sources */,
				B9B10EFD2979B10C00816C3E /* UserViewPresenter.swift in Sources */,
				B99F4611295DB71400FC61E3 /* ProductRequestFactory.swift in Sources */,
				B9D2659029800C1D009E7447 /* MainViewController.swift in Sources */,
				B9D2657629800739009E7447 /* Reviews.swift in Sources */,
				B9389136298D8C6F005E7A40 /* DeleteButton.swift in Sources */,
				B9AA913229819D9D0036AA31 /* BannerCell.swift in Sources */,
				B9B6D938298EBB1E00A094CF /* Resources.swift in Sources */,
				B9E264D32959D43F0051EC27 /* RegisterUserResult.swift in Sources */,
				B9B10EF12979ABA800816C3E /* CatalogDataResult.swift in Sources */,
				B938913D298D91DD005E7A40 /* UIView.swift in Sources */,
				B9389122298D45DD005E7A40 /* BasketAssembler.swift in Sources */,
				B9B10EF52979AFA400816C3E /* TabBarBuilder.swift in Sources */,
				B9D26566298003AC009E7447 /* DeleteBasketResult.swift in Sources */,
				B9D26556297FF8AA009E7447 /* RegisterRouter.swift in Sources */,
				B9B6D957298ED76B00A094CF /* ProductDescriptionCell.swift in Sources */,
				B9B6D955298ED73800A094CF /* ProductReviewsCell.swift in Sources */,
				B9389138298D8FB2005E7A40 /* QuantityButton.swift in Sources */,
				B9AA912E2981981A0036AA31 /* CategoryCell.swift in Sources */,
				B9D2655E297FFA78009E7447 /* UserSession.swift in Sources */,
				B9D26560297FFD62009E7447 /* BasketRequestFactory.swift in Sources */,
				B99F4615295DD40800FC61E3 /* ViewController.swift in Sources */,
				B9D26583298008BB009E7447 /* AuthViewController.swift in Sources */,
				B9F57AEE298BC71E007437FB /* ReviewPresenter.swift in Sources */,
				B99F4605295DB45D00FC61E3 /* ProductResult.swift in Sources */,
				B9B6D943298ED53B00A094CF /* CatalogCell.swift in Sources */,
				B9D2655C297FFA4E009E7447 /* UserAuth.swift in Sources */,
				B938912C298D46BA005E7A40 /* BasketViewController.swift in Sources */,
				B9389126298D4638005E7A40 /* BasketPresenter.swift in Sources */,
				B9E264D12959D3A90051EC27 /* ChangeUserDataResult.swift in Sources */,
				B9B6D966298ED8D600A094CF /* AddToBasketButton.swift in Sources */,
				B9B10EFB2979B0E400816C3E /* UserViewInteractor.swift in Sources */,
				B9F57AEA298BC696007437FB /* ReviewAssembler.swift in Sources */,
				B9D2656A2980048B009E7447 /* Basket.swift in Sources */,
				B9E264C22959C5370051EC27 /* LoginResult.swift in Sources */,
				B9F57AEC298BC6D9007437FB /* ReviewInteractor.swift in Sources */,
				B9D26579298007CF009E7447 /* AuthAssembler.swift in Sources */,
				B9E264962959B94F0051EC27 /* DataRequest.swift in Sources */,
				B9389128298D4669005E7A40 /* BasketRouter.swift in Sources */,
				B9B6D928298E9F5300A094CF /* BaseViewController.swift in Sources */,
				B9F57AF4298BDB2B007437FB /* ReviewView.swift in Sources */,
				B9D26550297FF807009E7447 /* RegisterAssembler.swift in Sources */,
				B99F4613295DBC2A00FC61E3 /* Products.swift in Sources */,
				B938912F298D8A50005E7A40 /* BasketCell.swift in Sources */,
				B9D2657429800711009E7447 /* ReviewRequestFactory.swift in Sources */,
				B938914E298E8230005E7A40 /* BasketDataSingleton.swift in Sources */,
				B9D2656E2980065C009E7447 /* AddReviewResult.swift in Sources */,
				B9D2656829800422009E7447 /* AddBasketResult.swift in Sources */,
				B9D2658A29800B8E009E7447 /* MainPresenter.swift in Sources */,
				B9E264CD2959D1800051EC27 /* AbstractRequestFactory.swift in Sources */,
				B9D2658829800B5C009E7447 /* MainInteractor.swift in Sources */,
				B9B10EFF2979B12400816C3E /* UserViewRouter.swift in Sources */,
				B9E264C02959C3E20051EC27 /* RequestRouter.swift in Sources */,
				B9D2657B298007F8009E7447 /* AuthInteractor.swift in Sources */,
				B9AA9130298198C40036AA31 /* ProductCell.swift in Sources */,
				B9E264C42959C54F0051EC27 /* User.swift in Sources */,
				B9AA913629819EF90036AA31 /* Category.swift in Sources */,
				B9E264DB2959E2050051EC27 /* ChangeUserDataRequestFactory.swift in Sources */,
				B9E264C92959C7920051EC27 /* Auth.swift in Sources */,
				B9B6D932298E9FBB00A094CF /* ClearBasketButton.swift in Sources */,
				B9389141298D929F005E7A40 /* OptionButtonsDelegate.swift in Sources */,
				B9D26558297FF8D8009E7447 /* RegisterView.swift in Sources */,
				B9389124298D460D005E7A40 /* BasketInteractor.swift in Sources */,
				B9E264C72959C6F00051EC27 /* AuthRequestFactory.swift in Sources */,
				B9B10F052979B16B00816C3E /* UserViewController.swift in Sources */,
				B9D26572298006B5009E7447 /* RemoveReviewResult.swift in Sources */,
				B9E264922959B87B0051EC27 /* ErrorParser.swift in Sources */,
				B9E264D52959D9C00051EC27 /* RegisterRequestFactory.swift in Sources */,
				B9B6D94F298ED65B00A094CF /* ProductPictureCell.swift in Sources */,
				B9B10F012979B14000816C3E /* UserViewAssembler.swift in Sources */,
				B9B6D953298ED70200A094CF /* ProductRatingCell.swift in Sources */,
				B9D2658129800885009E7447 /* AuthView.swift in Sources */,
				B9B6D951298ED6CE00A094CF /* ProductPriceCell.swift in Sources */,
				B938913F298D9229005E7A40 /* UIButton.swift in Sources */,
				B9D26554297FF874009E7447 /* RegisterPresenter.swift in Sources */,
				B9D2657F2980084E009E7447 /* AuthRouter.swift in Sources */,
				B9D2656C29800637009E7447 /* Review.swift in Sources */,
				B9D2658629800B31009E7447 /* MainAssembler.swift in Sources */,
				B9AB10342951FE8900A6053B /* SceneDelegate.swift in Sources */,
				B9D2655A297FF91C009E7447 /* RegisterViewController.swift in Sources */,
				B9D2656429800180009E7447 /* GetBasketResult.swift in Sources */,
				B9E264D92959E1BB0051EC27 /* ChangeUserData.swift in Sources */,
				B9389133298D8BBB005E7A40 /* BaseTableCell.swift in Sources */,
				B9E264942959B8DF0051EC27 /* AbstractErrorParser.swift in Sources */,
				B9AA913429819DD00036AA31 /* BannerCollectionCell.swift in Sources */,
			);
			runOnlyForDeploymentPostprocessing = 0;
		};
		B9AB10402951FE9200A6053B /* Sources */ = {
			isa = PBXSourcesBuildPhase;
			buildActionMask = 2147483647;
			files = (
				B9AB10492951FE9200A6053B /* GBShopTests.swift in Sources */,
				B99F4602295D9B7A00FC61E3 /* ResponseCodableTests.swift in Sources */,
			);
			runOnlyForDeploymentPostprocessing = 0;
		};
		B9AB104A2951FE9200A6053B /* Sources */ = {
			isa = PBXSourcesBuildPhase;
			buildActionMask = 2147483647;
			files = (
				B9AB10532951FE9200A6053B /* GBShopUITests.swift in Sources */,
				B9AB10552951FE9200A6053B /* GBShopUITestsLaunchTests.swift in Sources */,
			);
			runOnlyForDeploymentPostprocessing = 0;
		};
/* End PBXSourcesBuildPhase section */

/* Begin PBXTargetDependency section */
		B9AB10462951FE9200A6053B /* PBXTargetDependency */ = {
			isa = PBXTargetDependency;
			target = B9AB102D2951FE8900A6053B /* GBShop */;
			targetProxy = B9AB10452951FE9200A6053B /* PBXContainerItemProxy */;
		};
		B9AB10502951FE9200A6053B /* PBXTargetDependency */ = {
			isa = PBXTargetDependency;
			target = B9AB102D2951FE8900A6053B /* GBShop */;
			targetProxy = B9AB104F2951FE9200A6053B /* PBXContainerItemProxy */;
		};
/* End PBXTargetDependency section */

/* Begin PBXVariantGroup section */
		B9AB103C2951FE9100A6053B /* LaunchScreen.storyboard */ = {
			isa = PBXVariantGroup;
			children = (
				B9AB103D2951FE9100A6053B /* Base */,
			);
			name = LaunchScreen.storyboard;
			sourceTree = "<group>";
		};
/* End PBXVariantGroup section */

/* Begin XCBuildConfiguration section */
		B9AB10562951FE9200A6053B /* Debug */ = {
			isa = XCBuildConfiguration;
			buildSettings = {
				ALWAYS_SEARCH_USER_PATHS = NO;
				CLANG_ANALYZER_NONNULL = YES;
				CLANG_ANALYZER_NUMBER_OBJECT_CONVERSION = YES_AGGRESSIVE;
				CLANG_CXX_LANGUAGE_STANDARD = "gnu++20";
				CLANG_ENABLE_MODULES = YES;
				CLANG_ENABLE_OBJC_ARC = YES;
				CLANG_ENABLE_OBJC_WEAK = YES;
				CLANG_WARN_BLOCK_CAPTURE_AUTORELEASING = YES;
				CLANG_WARN_BOOL_CONVERSION = YES;
				CLANG_WARN_COMMA = YES;
				CLANG_WARN_CONSTANT_CONVERSION = YES;
				CLANG_WARN_DEPRECATED_OBJC_IMPLEMENTATIONS = YES;
				CLANG_WARN_DIRECT_OBJC_ISA_USAGE = YES_ERROR;
				CLANG_WARN_DOCUMENTATION_COMMENTS = YES;
				CLANG_WARN_EMPTY_BODY = YES;
				CLANG_WARN_ENUM_CONVERSION = YES;
				CLANG_WARN_INFINITE_RECURSION = YES;
				CLANG_WARN_INT_CONVERSION = YES;
				CLANG_WARN_NON_LITERAL_NULL_CONVERSION = YES;
				CLANG_WARN_OBJC_IMPLICIT_RETAIN_SELF = YES;
				CLANG_WARN_OBJC_LITERAL_CONVERSION = YES;
				CLANG_WARN_OBJC_ROOT_CLASS = YES_ERROR;
				CLANG_WARN_QUOTED_INCLUDE_IN_FRAMEWORK_HEADER = YES;
				CLANG_WARN_RANGE_LOOP_ANALYSIS = YES;
				CLANG_WARN_STRICT_PROTOTYPES = YES;
				CLANG_WARN_SUSPICIOUS_MOVE = YES;
				CLANG_WARN_UNGUARDED_AVAILABILITY = YES_AGGRESSIVE;
				CLANG_WARN_UNREACHABLE_CODE = YES;
				CLANG_WARN__DUPLICATE_METHOD_MATCH = YES;
				COPY_PHASE_STRIP = NO;
				DEBUG_INFORMATION_FORMAT = dwarf;
				ENABLE_STRICT_OBJC_MSGSEND = YES;
				ENABLE_TESTABILITY = YES;
				GCC_C_LANGUAGE_STANDARD = gnu11;
				GCC_DYNAMIC_NO_PIC = NO;
				GCC_NO_COMMON_BLOCKS = YES;
				GCC_OPTIMIZATION_LEVEL = 0;
				GCC_PREPROCESSOR_DEFINITIONS = (
					"DEBUG=1",
					"$(inherited)",
				);
				GCC_WARN_64_TO_32_BIT_CONVERSION = YES;
				GCC_WARN_ABOUT_RETURN_TYPE = YES_ERROR;
				GCC_WARN_UNDECLARED_SELECTOR = YES;
				GCC_WARN_UNINITIALIZED_AUTOS = YES_AGGRESSIVE;
				GCC_WARN_UNUSED_FUNCTION = YES;
				GCC_WARN_UNUSED_VARIABLE = YES;
				IPHONEOS_DEPLOYMENT_TARGET = 16.2;
				MTL_ENABLE_DEBUG_INFO = INCLUDE_SOURCE;
				MTL_FAST_MATH = YES;
				ONLY_ACTIVE_ARCH = YES;
				SDKROOT = iphoneos;
				SWIFT_ACTIVE_COMPILATION_CONDITIONS = DEBUG;
				SWIFT_OPTIMIZATION_LEVEL = "-Onone";
			};
			name = Debug;
		};
		B9AB10572951FE9200A6053B /* Release */ = {
			isa = XCBuildConfiguration;
			buildSettings = {
				ALWAYS_SEARCH_USER_PATHS = NO;
				CLANG_ANALYZER_NONNULL = YES;
				CLANG_ANALYZER_NUMBER_OBJECT_CONVERSION = YES_AGGRESSIVE;
				CLANG_CXX_LANGUAGE_STANDARD = "gnu++20";
				CLANG_ENABLE_MODULES = YES;
				CLANG_ENABLE_OBJC_ARC = YES;
				CLANG_ENABLE_OBJC_WEAK = YES;
				CLANG_WARN_BLOCK_CAPTURE_AUTORELEASING = YES;
				CLANG_WARN_BOOL_CONVERSION = YES;
				CLANG_WARN_COMMA = YES;
				CLANG_WARN_CONSTANT_CONVERSION = YES;
				CLANG_WARN_DEPRECATED_OBJC_IMPLEMENTATIONS = YES;
				CLANG_WARN_DIRECT_OBJC_ISA_USAGE = YES_ERROR;
				CLANG_WARN_DOCUMENTATION_COMMENTS = YES;
				CLANG_WARN_EMPTY_BODY = YES;
				CLANG_WARN_ENUM_CONVERSION = YES;
				CLANG_WARN_INFINITE_RECURSION = YES;
				CLANG_WARN_INT_CONVERSION = YES;
				CLANG_WARN_NON_LITERAL_NULL_CONVERSION = YES;
				CLANG_WARN_OBJC_IMPLICIT_RETAIN_SELF = YES;
				CLANG_WARN_OBJC_LITERAL_CONVERSION = YES;
				CLANG_WARN_OBJC_ROOT_CLASS = YES_ERROR;
				CLANG_WARN_QUOTED_INCLUDE_IN_FRAMEWORK_HEADER = YES;
				CLANG_WARN_RANGE_LOOP_ANALYSIS = YES;
				CLANG_WARN_STRICT_PROTOTYPES = YES;
				CLANG_WARN_SUSPICIOUS_MOVE = YES;
				CLANG_WARN_UNGUARDED_AVAILABILITY = YES_AGGRESSIVE;
				CLANG_WARN_UNREACHABLE_CODE = YES;
				CLANG_WARN__DUPLICATE_METHOD_MATCH = YES;
				COPY_PHASE_STRIP = NO;
				DEBUG_INFORMATION_FORMAT = "dwarf-with-dsym";
				ENABLE_NS_ASSERTIONS = NO;
				ENABLE_STRICT_OBJC_MSGSEND = YES;
				GCC_C_LANGUAGE_STANDARD = gnu11;
				GCC_NO_COMMON_BLOCKS = YES;
				GCC_WARN_64_TO_32_BIT_CONVERSION = YES;
				GCC_WARN_ABOUT_RETURN_TYPE = YES_ERROR;
				GCC_WARN_UNDECLARED_SELECTOR = YES;
				GCC_WARN_UNINITIALIZED_AUTOS = YES_AGGRESSIVE;
				GCC_WARN_UNUSED_FUNCTION = YES;
				GCC_WARN_UNUSED_VARIABLE = YES;
				IPHONEOS_DEPLOYMENT_TARGET = 16.2;
				MTL_ENABLE_DEBUG_INFO = NO;
				MTL_FAST_MATH = YES;
				SDKROOT = iphoneos;
				SWIFT_COMPILATION_MODE = wholemodule;
				SWIFT_OPTIMIZATION_LEVEL = "-O";
				VALIDATE_PRODUCT = YES;
			};
			name = Release;
		};
		B9AB10592951FE9200A6053B /* Debug */ = {
			isa = XCBuildConfiguration;
			buildSettings = {
				ASSETCATALOG_COMPILER_APPICON_NAME = AppIcon;
				ASSETCATALOG_COMPILER_GLOBAL_ACCENT_COLOR_NAME = AccentColor;
				CODE_SIGN_STYLE = Automatic;
				CURRENT_PROJECT_VERSION = 1;
				DEVELOPMENT_TEAM = HSKY5AD59J;
				GENERATE_INFOPLIST_FILE = YES;
				INFOPLIST_FILE = GBShop/Info.plist;
				INFOPLIST_KEY_UIApplicationSupportsIndirectInputEvents = YES;
				INFOPLIST_KEY_UILaunchStoryboardName = LaunchScreen;
				INFOPLIST_KEY_UISupportedInterfaceOrientations_iPad = "UIInterfaceOrientationPortrait UIInterfaceOrientationPortraitUpsideDown UIInterfaceOrientationLandscapeLeft UIInterfaceOrientationLandscapeRight";
				INFOPLIST_KEY_UISupportedInterfaceOrientations_iPhone = "UIInterfaceOrientationPortrait UIInterfaceOrientationLandscapeLeft UIInterfaceOrientationLandscapeRight";
				IPHONEOS_DEPLOYMENT_TARGET = 16.2;
				LD_RUNPATH_SEARCH_PATHS = (
					"$(inherited)",
					"@executable_path/Frameworks",
				);
				MARKETING_VERSION = 1.0;
				PRODUCT_BUNDLE_IDENTIFIER = OK.GBShop;
				PRODUCT_NAME = "$(TARGET_NAME)";
				SWIFT_EMIT_LOC_STRINGS = YES;
				SWIFT_VERSION = 5.0;
				TARGETED_DEVICE_FAMILY = "1,2";
			};
			name = Debug;
		};
		B9AB105A2951FE9200A6053B /* Release */ = {
			isa = XCBuildConfiguration;
			buildSettings = {
				ASSETCATALOG_COMPILER_APPICON_NAME = AppIcon;
				ASSETCATALOG_COMPILER_GLOBAL_ACCENT_COLOR_NAME = AccentColor;
				CODE_SIGN_STYLE = Automatic;
				CURRENT_PROJECT_VERSION = 1;
				DEVELOPMENT_TEAM = HSKY5AD59J;
				GENERATE_INFOPLIST_FILE = YES;
				INFOPLIST_FILE = GBShop/Info.plist;
				INFOPLIST_KEY_UIApplicationSupportsIndirectInputEvents = YES;
				INFOPLIST_KEY_UILaunchStoryboardName = LaunchScreen;
				INFOPLIST_KEY_UISupportedInterfaceOrientations_iPad = "UIInterfaceOrientationPortrait UIInterfaceOrientationPortraitUpsideDown UIInterfaceOrientationLandscapeLeft UIInterfaceOrientationLandscapeRight";
				INFOPLIST_KEY_UISupportedInterfaceOrientations_iPhone = "UIInterfaceOrientationPortrait UIInterfaceOrientationLandscapeLeft UIInterfaceOrientationLandscapeRight";
				IPHONEOS_DEPLOYMENT_TARGET = 16.2;
				LD_RUNPATH_SEARCH_PATHS = (
					"$(inherited)",
					"@executable_path/Frameworks",
				);
				MARKETING_VERSION = 1.0;
				PRODUCT_BUNDLE_IDENTIFIER = OK.GBShop;
				PRODUCT_NAME = "$(TARGET_NAME)";
				SWIFT_EMIT_LOC_STRINGS = YES;
				SWIFT_VERSION = 5.0;
				TARGETED_DEVICE_FAMILY = "1,2";
			};
			name = Release;
		};
		B9AB105C2951FE9200A6053B /* Debug */ = {
			isa = XCBuildConfiguration;
			buildSettings = {
				ALWAYS_EMBED_SWIFT_STANDARD_LIBRARIES = YES;
				BUNDLE_LOADER = "$(TEST_HOST)";
				CODE_SIGN_STYLE = Automatic;
				CURRENT_PROJECT_VERSION = 1;
				DEVELOPMENT_TEAM = HSKY5AD59J;
				GENERATE_INFOPLIST_FILE = YES;
				IPHONEOS_DEPLOYMENT_TARGET = 16.2;
				MARKETING_VERSION = 1.0;
				PRODUCT_BUNDLE_IDENTIFIER = OK.GBShopTests;
				PRODUCT_NAME = "$(TARGET_NAME)";
				SWIFT_EMIT_LOC_STRINGS = NO;
				SWIFT_VERSION = 5.0;
				TARGETED_DEVICE_FAMILY = "1,2";
				TEST_HOST = "$(BUILT_PRODUCTS_DIR)/GBShop.app/$(BUNDLE_EXECUTABLE_FOLDER_PATH)/GBShop";
			};
			name = Debug;
		};
		B9AB105D2951FE9200A6053B /* Release */ = {
			isa = XCBuildConfiguration;
			buildSettings = {
				ALWAYS_EMBED_SWIFT_STANDARD_LIBRARIES = YES;
				BUNDLE_LOADER = "$(TEST_HOST)";
				CODE_SIGN_STYLE = Automatic;
				CURRENT_PROJECT_VERSION = 1;
				DEVELOPMENT_TEAM = HSKY5AD59J;
				GENERATE_INFOPLIST_FILE = YES;
				IPHONEOS_DEPLOYMENT_TARGET = 16.2;
				MARKETING_VERSION = 1.0;
				PRODUCT_BUNDLE_IDENTIFIER = OK.GBShopTests;
				PRODUCT_NAME = "$(TARGET_NAME)";
				SWIFT_EMIT_LOC_STRINGS = NO;
				SWIFT_VERSION = 5.0;
				TARGETED_DEVICE_FAMILY = "1,2";
				TEST_HOST = "$(BUILT_PRODUCTS_DIR)/GBShop.app/$(BUNDLE_EXECUTABLE_FOLDER_PATH)/GBShop";
			};
			name = Release;
		};
		B9AB105F2951FE9200A6053B /* Debug */ = {
			isa = XCBuildConfiguration;
			buildSettings = {
				ALWAYS_EMBED_SWIFT_STANDARD_LIBRARIES = YES;
				CODE_SIGN_STYLE = Automatic;
				CURRENT_PROJECT_VERSION = 1;
				DEVELOPMENT_TEAM = HSKY5AD59J;
				GENERATE_INFOPLIST_FILE = YES;
				MARKETING_VERSION = 1.0;
				PRODUCT_BUNDLE_IDENTIFIER = OK.GBShopUITests;
				PRODUCT_NAME = "$(TARGET_NAME)";
				SWIFT_EMIT_LOC_STRINGS = NO;
				SWIFT_VERSION = 5.0;
				TARGETED_DEVICE_FAMILY = "1,2";
				TEST_TARGET_NAME = GBShop;
			};
			name = Debug;
		};
		B9AB10602951FE9200A6053B /* Release */ = {
			isa = XCBuildConfiguration;
			buildSettings = {
				ALWAYS_EMBED_SWIFT_STANDARD_LIBRARIES = YES;
				CODE_SIGN_STYLE = Automatic;
				CURRENT_PROJECT_VERSION = 1;
				DEVELOPMENT_TEAM = HSKY5AD59J;
				GENERATE_INFOPLIST_FILE = YES;
				MARKETING_VERSION = 1.0;
				PRODUCT_BUNDLE_IDENTIFIER = OK.GBShopUITests;
				PRODUCT_NAME = "$(TARGET_NAME)";
				SWIFT_EMIT_LOC_STRINGS = NO;
				SWIFT_VERSION = 5.0;
				TARGETED_DEVICE_FAMILY = "1,2";
				TEST_TARGET_NAME = GBShop;
			};
			name = Release;
		};
/* End XCBuildConfiguration section */

/* Begin XCConfigurationList section */
		B9AB10292951FE8800A6053B /* Build configuration list for PBXProject "GBShop" */ = {
			isa = XCConfigurationList;
			buildConfigurations = (
				B9AB10562951FE9200A6053B /* Debug */,
				B9AB10572951FE9200A6053B /* Release */,
			);
			defaultConfigurationIsVisible = 0;
			defaultConfigurationName = Release;
		};
		B9AB10582951FE9200A6053B /* Build configuration list for PBXNativeTarget "GBShop" */ = {
			isa = XCConfigurationList;
			buildConfigurations = (
				B9AB10592951FE9200A6053B /* Debug */,
				B9AB105A2951FE9200A6053B /* Release */,
			);
			defaultConfigurationIsVisible = 0;
			defaultConfigurationName = Release;
		};
		B9AB105B2951FE9200A6053B /* Build configuration list for PBXNativeTarget "GBShopTests" */ = {
			isa = XCConfigurationList;
			buildConfigurations = (
				B9AB105C2951FE9200A6053B /* Debug */,
				B9AB105D2951FE9200A6053B /* Release */,
			);
			defaultConfigurationIsVisible = 0;
			defaultConfigurationName = Release;
		};
		B9AB105E2951FE9200A6053B /* Build configuration list for PBXNativeTarget "GBShopUITests" */ = {
			isa = XCConfigurationList;
			buildConfigurations = (
				B9AB105F2951FE9200A6053B /* Debug */,
				B9AB10602951FE9200A6053B /* Release */,
			);
			defaultConfigurationIsVisible = 0;
			defaultConfigurationName = Release;
		};
/* End XCConfigurationList section */

/* Begin XCRemoteSwiftPackageReference section */
		B9D265A629803025009E7447 /* XCRemoteSwiftPackageReference "Alamofire" */ = {
			isa = XCRemoteSwiftPackageReference;
			repositoryURL = "https://github.com/Alamofire/Alamofire.git";
			requirement = {
				branch = master;
				kind = branch;
			};
		};
/* End XCRemoteSwiftPackageReference section */
	};
	rootObject = B9AB10262951FE8800A6053B /* Project object */;
}
